// !$*UTF8*$!
{
	archiveVersion = 1;
	classes = {
	};
	objectVersion = 46;
	objects = {

/* Begin PBXBuildFile section */
		2E017E401B594E5D002E461D /* AppDelegate.swift in Sources */ = {isa = PBXBuildFile; fileRef = 2E017E3F1B594E5D002E461D /* AppDelegate.swift */; };
		2E017E421B594E5D002E461D /* ViewController.swift in Sources */ = {isa = PBXBuildFile; fileRef = 2E017E411B594E5D002E461D /* ViewController.swift */; };
		2E017E451B594E5D002E461D /* Main.storyboard in Resources */ = {isa = PBXBuildFile; fileRef = 2E017E431B594E5D002E461D /* Main.storyboard */; };
		2E017E471B594E5D002E461D /* Images.xcassets in Resources */ = {isa = PBXBuildFile; fileRef = 2E017E461B594E5D002E461D /* Images.xcassets */; };
		2E017E4A1B594E5D002E461D /* LaunchScreen.xib in Resources */ = {isa = PBXBuildFile; fileRef = 2E017E481B594E5D002E461D /* LaunchScreen.xib */; };
		2E017E561B594E5D002E461D /* DynamicSnapTests.swift in Sources */ = {isa = PBXBuildFile; fileRef = 2E017E551B594E5D002E461D /* DynamicSnapTests.swift */; };
		2E17636A1B5BCBBE00E2CF8F /* ButtonExp.swift in Sources */ = {isa = PBXBuildFile; fileRef = 2E1763691B5BCBBE00E2CF8F /* ButtonExp.swift */; };
/* End PBXBuildFile section */

/* Begin PBXContainerItemProxy section */
		2E017E501B594E5D002E461D /* PBXContainerItemProxy */ = {
			isa = PBXContainerItemProxy;
			containerPortal = 2E017E321B594E5D002E461D /* Project object */;
			proxyType = 1;
			remoteGlobalIDString = 2E017E391B594E5D002E461D;
			remoteInfo = DynamicSnap;
		};
/* End PBXContainerItemProxy section */

/* Begin PBXFileReference section */
		2E017E3A1B594E5D002E461D /* DynamicSnap.app */ = {isa = PBXFileReference; explicitFileType = wrapper.application; includeInIndex = 0; path = DynamicSnap.app; sourceTree = BUILT_PRODUCTS_DIR; };
		2E017E3E1B594E5D002E461D /* Info.plist */ = {isa = PBXFileReference; lastKnownFileType = text.plist.xml; path = Info.plist; sourceTree = "<group>"; };
		2E017E3F1B594E5D002E461D /* AppDelegate.swift */ = {isa = PBXFileReference; lastKnownFileType = sourcecode.swift; path = AppDelegate.swift; sourceTree = "<group>"; };
		2E017E411B594E5D002E461D /* ViewController.swift */ = {isa = PBXFileReference; lastKnownFileType = sourcecode.swift; path = ViewController.swift; sourceTree = "<group>"; };
		2E017E441B594E5D002E461D /* Base */ = {isa = PBXFileReference; lastKnownFileType = file.storyboard; name = Base; path = Base.lproj/Main.storyboard; sourceTree = "<group>"; };
		2E017E461B594E5D002E461D /* Images.xcassets */ = {isa = PBXFileReference; lastKnownFileType = folder.assetcatalog; path = Images.xcassets; sourceTree = "<group>"; };
		2E017E491B594E5D002E461D /* Base */ = {isa = PBXFileReference; lastKnownFileType = file.xib; name = Base; path = Base.lproj/LaunchScreen.xib; sourceTree = "<group>"; };
		2E017E4F1B594E5D002E461D /* DynamicSnapTests.xctest */ = {isa = PBXFileReference; explicitFileType = wrapper.cfbundle; includeInIndex = 0; path = DynamicSnapTests.xctest; sourceTree = BUILT_PRODUCTS_DIR; };
		2E017E541B594E5D002E461D /* Info.plist */ = {isa = PBXFileReference; lastKnownFileType = text.plist.xml; path = Info.plist; sourceTree = "<group>"; };
		2E017E551B594E5D002E461D /* DynamicSnapTests.swift */ = {isa = PBXFileReference; lastKnownFileType = sourcecode.swift; path = DynamicSnapTests.swift; sourceTree = "<group>"; };
		2E1763691B5BCBBE00E2CF8F /* ButtonExp.swift */ = {isa = PBXFileReference; fileEncoding = 4; lastKnownFileType = sourcecode.swift; path = ButtonExp.swift; sourceTree = "<group>"; };
/* End PBXFileReference section */

/* Begin PBXFrameworksBuildPhase section */
		2E017E371B594E5D002E461D /* Frameworks */ = {
			isa = PBXFrameworksBuildPhase;
			buildActionMask = 2147483647;
			files = (
			);
			runOnlyForDeploymentPostprocessing = 0;
		};
		2E017E4C1B594E5D002E461D /* Frameworks */ = {
			isa = PBXFrameworksBuildPhase;
			buildActionMask = 2147483647;
			files = (
			);
			runOnlyForDeploymentPostprocessing = 0;
		};
/* End PBXFrameworksBuildPhase section */

/* Begin PBXGroup section */
		2E017E311B594E5D002E461D = {
			isa = PBXGroup;
			children = (
				2E017E3C1B594E5D002E461D /* DynamicSnap */,
				2E017E521B594E5D002E461D /* DynamicSnapTests */,
				2E017E3B1B594E5D002E461D /* Products */,
			);
			sourceTree = "<group>";
		};
		2E017E3B1B594E5D002E461D /* Products */ = {
			isa = PBXGroup;
			children = (
				2E017E3A1B594E5D002E461D /* DynamicSnap.app */,
				2E017E4F1B594E5D002E461D /* DynamicSnapTests.xctest */,
			);
			name = Products;
			sourceTree = "<group>";
		};
		2E017E3C1B594E5D002E461D /* DynamicSnap */ = {
			isa = PBXGroup;
			children = (
				2E017E3F1B594E5D002E461D /* AppDelegate.swift */,
				2E017E411B594E5D002E461D /* ViewController.swift */,
				2E017E431B594E5D002E461D /* Main.storyboard */,
				2E1763691B5BCBBE00E2CF8F /* ButtonExp.swift */,
				2E017E461B594E5D002E461D /* Images.xcassets */,
				2E017E481B594E5D002E461D /* LaunchScreen.xib */,
				2E017E3D1B594E5D002E461D /* Supporting Files */,
			);
			path = DynamicSnap;
			sourceTree = "<group>";
		};
		2E017E3D1B594E5D002E461D /* Supporting Files */ = {
			isa = PBXGroup;
			children = (
				2E017E3E1B594E5D002E461D /* Info.plist */,
			);
			name = "Supporting Files";
			sourceTree = "<group>";
		};
		2E017E521B594E5D002E461D /* DynamicSnapTests */ = {
			isa = PBXGroup;
			children = (
				2E017E551B594E5D002E461D /* DynamicSnapTests.swift */,
				2E017E531B594E5D002E461D /* Supporting Files */,
			);
			path = DynamicSnapTests;
			sourceTree = "<group>";
		};
		2E017E531B594E5D002E461D /* Supporting Files */ = {
			isa = PBXGroup;
			children = (
				2E017E541B594E5D002E461D /* Info.plist */,
			);
			name = "Supporting Files";
			sourceTree = "<group>";
		};
/* End PBXGroup section */

/* Begin PBXNativeTarget section */
		2E017E391B594E5D002E461D /* DynamicSnap */ = {
			isa = PBXNativeTarget;
			buildConfigurationList = 2E017E591B594E5D002E461D /* Build configuration list for PBXNativeTarget "DynamicSnap" */;
			buildPhases = (
				2E017E361B594E5D002E461D /* Sources */,
				2E017E371B594E5D002E461D /* Frameworks */,
				2E017E381B594E5D002E461D /* Resources */,
			);
			buildRules = (
			);
			dependencies = (
			);
			name = DynamicSnap;
			productName = DynamicSnap;
			productReference = 2E017E3A1B594E5D002E461D /* DynamicSnap.app */;
			productType = "com.apple.product-type.application";
		};
		2E017E4E1B594E5D002E461D /* DynamicSnapTests */ = {
			isa = PBXNativeTarget;
			buildConfigurationList = 2E017E5C1B594E5D002E461D /* Build configuration list for PBXNativeTarget "DynamicSnapTests" */;
			buildPhases = (
				2E017E4B1B594E5D002E461D /* Sources */,
				2E017E4C1B594E5D002E461D /* Frameworks */,
				2E017E4D1B594E5D002E461D /* Resources */,
			);
			buildRules = (
			);
			dependencies = (
				2E017E511B594E5D002E461D /* PBXTargetDependency */,
			);
			name = DynamicSnapTests;
			productName = DynamicSnapTests;
			productReference = 2E017E4F1B594E5D002E461D /* DynamicSnapTests.xctest */;
			productType = "com.apple.product-type.bundle.unit-test";
		};
/* End PBXNativeTarget section */

/* Begin PBXProject section */
		2E017E321B594E5D002E461D /* Project object */ = {
			isa = PBXProject;
			attributes = {
				LastSwiftUpdateCheck = 0700;
				LastUpgradeCheck = 0640;
				ORGANIZATIONNAME = Martin;
				TargetAttributes = {
					2E017E391B594E5D002E461D = {
						CreatedOnToolsVersion = 6.4;
						DevelopmentTeam = 8377DUVBBA;
					};
					2E017E4E1B594E5D002E461D = {
						CreatedOnToolsVersion = 6.4;
						TestTargetID = 2E017E391B594E5D002E461D;
					};
				};
			};
			buildConfigurationList = 2E017E351B594E5D002E461D /* Build configuration list for PBXProject "DynamicSnap" */;
			compatibilityVersion = "Xcode 3.2";
			developmentRegion = English;
			hasScannedForEncodings = 0;
			knownRegions = (
				en,
				Base,
			);
			mainGroup = 2E017E311B594E5D002E461D;
			productRefGroup = 2E017E3B1B594E5D002E461D /* Products */;
			projectDirPath = "";
			projectRoot = "";
			targets = (
				2E017E391B594E5D002E461D /* DynamicSnap */,
				2E017E4E1B594E5D002E461D /* DynamicSnapTests */,
			);
		};
/* End PBXProject section */

/* Begin PBXResourcesBuildPhase section */
		2E017E381B594E5D002E461D /* Resources */ = {
			isa = PBXResourcesBuildPhase;
			buildActionMask = 2147483647;
			files = (
				2E017E451B594E5D002E461D /* Main.storyboard in Resources */,
				2E017E4A1B594E5D002E461D /* LaunchScreen.xib in Resources */,
				2E017E471B594E5D002E461D /* Images.xcassets in Resources */,
			);
			runOnlyForDeploymentPostprocessing = 0;
		};
		2E017E4D1B594E5D002E461D /* Resources */ = {
			isa = PBXResourcesBuildPhase;
			buildActionMask = 2147483647;
			files = (
			);
			runOnlyForDeploymentPostprocessing = 0;
		};
/* End PBXResourcesBuildPhase section */

/* Begin PBXSourcesBuildPhase section */
		2E017E361B594E5D002E461D /* Sources */ = {
			isa = PBXSourcesBuildPhase;
			buildActionMask = 2147483647;
			files = (
				2E017E421B594E5D002E461D /* ViewController.swift in Sources */,
				2E17636A1B5BCBBE00E2CF8F /* ButtonExp.swift in Sources */,
				2E017E401B594E5D002E461D /* AppDelegate.swift in Sources */,
			);
			runOnlyForDeploymentPostprocessing = 0;
		};
		2E017E4B1B594E5D002E461D /* Sources */ = {
			isa = PBXSourcesBuildPhase;
			buildActionMask = 2147483647;
			files = (
				2E017E561B594E5D002E461D /* DynamicSnapTests.swift in Sources */,
			);
			runOnlyForDeploymentPostprocessing = 0;
		};
/* End PBXSourcesBuildPhase section */

/* Begin PBXTargetDependency section */
		2E017E511B594E5D002E461D /* PBXTargetDependency */ = {
			isa = PBXTargetDependency;
			target = 2E017E391B594E5D002E461D /* DynamicSnap */;
			targetProxy = 2E017E501B594E5D002E461D /* PBXContainerItemProxy */;
		};
/* End PBXTargetDependency section */

/* Begin PBXVariantGroup section */
		2E017E431B594E5D002E461D /* Main.storyboard */ = {
			isa = PBXVariantGroup;
			children = (
				2E017E441B594E5D002E461D /* Base */,
			);
			name = Main.storyboard;
			sourceTree = "<group>";
		};
		2E017E481B594E5D002E461D /* LaunchScreen.xib */ = {
			isa = PBXVariantGroup;
			children = (
				2E017E491B594E5D002E461D /* Base */,
			);
			name = LaunchScreen.xib;
			sourceTree = "<group>";
		};
/* End PBXVariantGroup section */

/* Begin XCBuildConfiguration section */
		2E017E571B594E5D002E461D /* Debug */ = {
			isa = XCBuildConfiguration;
			buildSettings = {
				ALWAYS_SEARCH_USER_PATHS = NO;
				CLANG_CXX_LANGUAGE_STANDARD = "gnu++0x";
				CLANG_CXX_LIBRARY = "libc++";
				CLANG_ENABLE_MODULES = YES;
				CLANG_ENABLE_OBJC_ARC = YES;
				CLANG_WARN_BOOL_CONVERSION = YES;
				CLANG_WARN_CONSTANT_CONVERSION = YES;
				CLANG_WARN_DIRECT_OBJC_ISA_USAGE = YES_ERROR;
				CLANG_WARN_EMPTY_BODY = YES;
				CLANG_WARN_ENUM_CONVERSION = YES;
				CLANG_WARN_INT_CONVERSION = YES;
				CLANG_WARN_OBJC_ROOT_CLASS = YES_ERROR;
				CLANG_WARN_UNREACHABLE_CODE = YES;
				CLANG_WARN__DUPLICATE_METHOD_MATCH = YES;
				"CODE_SIGN_IDENTITY[sdk=iphoneos*]" = "iPhone Developer";
				COPY_PHASE_STRIP = NO;
				DEBUG_INFORMATION_FORMAT = "dwarf-with-dsym";
				ENABLE_STRICT_OBJC_MSGSEND = YES;
				GCC_C_LANGUAGE_STANDARD = gnu99;
				GCC_DYNAMIC_NO_PIC = NO;
				GCC_NO_COMMON_BLOCKS = YES;
				GCC_OPTIMIZATION_LEVEL = 0;
				GCC_PREPROCESSOR_DEFINITIONS = (
					"DEBUG=1",
					"$(inherited)",
				);
				GCC_SYMBOLS_PRIVATE_EXTERN = NO;
				GCC_WARN_64_TO_32_BIT_CONVERSION = YES;
				GCC_WARN_ABOUT_RETURN_TYPE = YES_ERROR;
				GCC_WARN_UNDECLARED_SELECTOR = YES;
				GCC_WARN_UNINITIALIZED_AUTOS = YES_AGGRESSIVE;
				GCC_WARN_UNUSED_FUNCTION = YES;
				GCC_WARN_UNUSED_VARIABLE = YES;
				IPHONEOS_DEPLOYMENT_TARGET = 8.4;
				MTL_ENABLE_DEBUG_INFO = YES;
				ONLY_ACTIVE_ARCH = YES;
				SDKROOT = iphoneos;
				SWIFT_OPTIMIZATION_LEVEL = "-Onone";
			};
			name = Debug;
		};
		2E017E581B594E5D002E461D /* Release */ = {
			isa = XCBuildConfiguration;
			buildSettings = {
				ALWAYS_SEARCH_USER_PATHS = NO;
				CLANG_CXX_LANGUAGE_STANDARD = "gnu++0x";
				CLANG_CXX_LIBRARY = "libc++";
				CLANG_ENABLE_MODULES = YES;
				CLANG_ENABLE_OBJC_ARC = YES;
				CLANG_WARN_BOOL_CONVERSION = YES;
				CLANG_WARN_CONSTANT_CONVERSION = YES;
				CLANG_WARN_DIRECT_OBJC_ISA_USAGE = YES_ERROR;
				CLANG_WARN_EMPTY_BODY = YES;
				CLANG_WARN_ENUM_CONVERSION = YES;
				CLANG_WARN_INT_CONVERSION = YES;
				CLANG_WARN_OBJC_ROOT_CLASS = YES_ERROR;
				CLANG_WARN_UNREACHABLE_CODE = YES;
				CLANG_WARN__DUPLICATE_METHOD_MATCH = YES;
				"CODE_SIGN_IDENTITY[sdk=iphoneos*]" = "iPhone Developer";
				COPY_PHASE_STRIP = NO;
				DEBUG_INFORMATION_FORMAT = "dwarf-with-dsym";
				ENABLE_NS_ASSERTIONS = NO;
				ENABLE_STRICT_OBJC_MSGSEND = YES;
				GCC_C_LANGUAGE_STANDARD = gnu99;
				GCC_NO_COMMON_BLOCKS = YES;
				GCC_WARN_64_TO_32_BIT_CONVERSION = YES;
				GCC_WARN_ABOUT_RETURN_TYPE = YES_ERROR;
				GCC_WARN_UNDECLARED_SELECTOR = YES;
				GCC_WARN_UNINITIALIZED_AUTOS = YES_AGGRESSIVE;
				GCC_WARN_UNUSED_FUNCTION = YES;
				GCC_WARN_UNUSED_VARIABLE = YES;
				IPHONEOS_DEPLOYMENT_TARGET = 8.4;
				MTL_ENABLE_DEBUG_INFO = NO;
				SDKROOT = iphoneos;
				VALIDATE_PRODUCT = YES;
			};
			name = Release;
		};
		2E017E5A1B594E5D002E461D /* Debug */ = {
			isa = XCBuildConfiguration;
			buildSettings = {
				ASSETCATALOG_COMPILER_APPICON_NAME = AppIcon;
				CODE_SIGN_IDENTITY = "iPhone Developer";
				INFOPLIST_FILE = DynamicSnap/Info.plist;
				LD_RUNPATH_SEARCH_PATHS = "$(inherited) @executable_path/Frameworks";
				PRODUCT_NAME = "$(TARGET_NAME)";
			};
			name = Debug;
		};
		2E017E5B1B594E5D002E461D /* Release */ = {
			isa = XCBuildConfiguration;
			buildSettings = {
				ASSETCATALOG_COMPILER_APPICON_NAME = AppIcon;
				CODE_SIGN_IDENTITY = "iPhone Developer";
				INFOPLIST_FILE = DynamicSnap/Info.plist;
				LD_RUNPATH_SEARCH_PATHS = "$(inherited) @executable_path/Frameworks";
				PRODUCT_NAME = "$(TARGET_NAME)";
			};
			name = Release;
		};
		2E017E5D1B594E5D002E461D /* Debug */ = {
			isa = XCBuildConfiguration;
			buildSettings = {
				BUNDLE_LOADER = "$(TEST_HOST)";
				FRAMEWORK_SEARCH_PATHS = (
					"$(SDKROOT)/Developer/Library/Frameworks",
					"$(inherited)",
				);
				GCC_PREPROCESSOR_DEFINITIONS = (
					"DEBUG=1",
					"$(inherited)",
				);
				INFOPLIST_FILE = DynamicSnapTests/Info.plist;
				LD_RUNPATH_SEARCH_PATHS = "$(inherited) @executable_path/Frameworks @loader_path/Frameworks";
				PRODUCT_NAME = "$(TARGET_NAME)";
				TEST_HOST = "$(BUILT_PRODUCTS_DIR)/DynamicSnap.app/DynamicSnap";
			};
			name = Debug;
		};
		2E017E5E1B594E5D002E461D /* Release */ = {
			isa = XCBuildConfiguration;
			buildSettings = {
				BUNDLE_LOADER = "$(TEST_HOST)";
				FRAMEWORK_SEARCH_PATHS = (
					"$(SDKROOT)/Developer/Library/Frameworks",
					"$(inherited)",
				);
				INFOPLIST_FILE = DynamicSnapTests/Info.plist;
				LD_RUNPATH_SEARCH_PATHS = "$(inherited) @executable_path/Frameworks @loader_path/Frameworks";
				PRODUCT_NAME = "$(TARGET_NAME)";
				TEST_HOST = "$(BUILT_PRODUCTS_DIR)/DynamicSnap.app/DynamicSnap";
			};
			name = Release;
		};
/* End XCBuildConfiguration section */

/* Begin XCConfigurationList section */
		2E017E351B594E5D002E461D /* Build configuration list for PBXProject "DynamicSnap" */ = {
			isa = XCConfigurationList;
			buildConfigurations = (
				2E017E571B594E5D002E461D /* Debug */,
				2E017E581B594E5D002E461D /* Release */,
			);
			defaultConfigurationIsVisible = 0;
			defaultConfigurationName = Release;
		};
		2E017E591B594E5D002E461D /* Build configuration list for PBXNativeTarget "DynamicSnap" */ = {
			isa = XCConfigurationList;
			buildConfigurations = (
				2E017E5A1B594E5D002E461D /* Debug */,
				2E017E5B1B594E5D002E461D /* Release */,
			);
			defaultConfigurationIsVisible = 0;
			defaultConfigurationName = Release;
		};
		2E017E5C1B594E5D002E461D /* Build configuration list for PBXNativeTarget "DynamicSnapTests" */ = {
			isa = XCConfigurationList;
			buildConfigurations = (
				2E017E5D1B594E5D002E461D /* Debug */,
				2E017E5E1B594E5D002E461D /* Release */,
			);
			defaultConfigurationIsVisible = 0;
			defaultConfigurationName = Release;
		};
/* End XCConfigurationList section */
	};
	rootObject = 2E017E321B594E5D002E461D /* Project object */;
}
