// !$*UTF8*$!
{
	archiveVersion = 1;
	classes = {
	};
	objectVersion = 46;
	objects = {

/* Begin PBXBuildFile section */
		2E75463D1BD4D70700A52095 /* LoginViewController.swift in Sources */ = {isa = PBXBuildFile; fileRef = 2E75463C1BD4D70700A52095 /* LoginViewController.swift */; settings = {ASSET_TAGS = (); }; };
		2E75463F1BD4DDAA00A52095 /* LearnViewController.swift in Sources */ = {isa = PBXBuildFile; fileRef = 2E75463E1BD4DDAA00A52095 /* LearnViewController.swift */; settings = {ASSET_TAGS = (); }; };
		2E9798061BD4A592005BA955 /* AsyncButton.swift in Sources */ = {isa = PBXBuildFile; fileRef = 2E9797E81BD4A592005BA955 /* AsyncButton.swift */; settings = {ASSET_TAGS = (); }; };
		2E9798071BD4A592005BA955 /* AsyncImageView.swift in Sources */ = {isa = PBXBuildFile; fileRef = 2E9797E91BD4A592005BA955 /* AsyncImageView.swift */; settings = {ASSET_TAGS = (); }; };
		2E9798081BD4A592005BA955 /* AutoTextView.swift in Sources */ = {isa = PBXBuildFile; fileRef = 2E9797EA1BD4A592005BA955 /* AutoTextView.swift */; settings = {ASSET_TAGS = (); }; };
		2E9798091BD4A592005BA955 /* BlurView.swift in Sources */ = {isa = PBXBuildFile; fileRef = 2E9797EB1BD4A592005BA955 /* BlurView.swift */; settings = {ASSET_TAGS = (); }; };
		2E97980A1BD4A592005BA955 /* DesignableButton.swift in Sources */ = {isa = PBXBuildFile; fileRef = 2E9797EC1BD4A592005BA955 /* DesignableButton.swift */; settings = {ASSET_TAGS = (); }; };
		2E97980B1BD4A592005BA955 /* DesignableImageView.swift in Sources */ = {isa = PBXBuildFile; fileRef = 2E9797ED1BD4A592005BA955 /* DesignableImageView.swift */; settings = {ASSET_TAGS = (); }; };
		2E97980C1BD4A592005BA955 /* DesignableLabel.swift in Sources */ = {isa = PBXBuildFile; fileRef = 2E9797EE1BD4A592005BA955 /* DesignableLabel.swift */; settings = {ASSET_TAGS = (); }; };
		2E97980D1BD4A592005BA955 /* DesignableTabBarController.swift in Sources */ = {isa = PBXBuildFile; fileRef = 2E9797EF1BD4A592005BA955 /* DesignableTabBarController.swift */; settings = {ASSET_TAGS = (); }; };
		2E97980E1BD4A592005BA955 /* DesignableTextField.swift in Sources */ = {isa = PBXBuildFile; fileRef = 2E9797F01BD4A592005BA955 /* DesignableTextField.swift */; settings = {ASSET_TAGS = (); }; };
		2E97980F1BD4A592005BA955 /* DesignableTextView.swift in Sources */ = {isa = PBXBuildFile; fileRef = 2E9797F11BD4A592005BA955 /* DesignableTextView.swift */; settings = {ASSET_TAGS = (); }; };
		2E9798101BD4A592005BA955 /* DesignableView.swift in Sources */ = {isa = PBXBuildFile; fileRef = 2E9797F21BD4A592005BA955 /* DesignableView.swift */; settings = {ASSET_TAGS = (); }; };
		2E9798111BD4A592005BA955 /* ImageLoader.swift in Sources */ = {isa = PBXBuildFile; fileRef = 2E9797F31BD4A592005BA955 /* ImageLoader.swift */; settings = {ASSET_TAGS = (); }; };
		2E9798121BD4A592005BA955 /* Info.plist in Resources */ = {isa = PBXBuildFile; fileRef = 2E9797F41BD4A592005BA955 /* Info.plist */; settings = {ASSET_TAGS = (); }; };
		2E9798131BD4A592005BA955 /* KeyboardLayoutConstraint.swift in Sources */ = {isa = PBXBuildFile; fileRef = 2E9797F51BD4A592005BA955 /* KeyboardLayoutConstraint.swift */; settings = {ASSET_TAGS = (); }; };
		2E9798141BD4A592005BA955 /* LoadingView.swift in Sources */ = {isa = PBXBuildFile; fileRef = 2E9797F61BD4A592005BA955 /* LoadingView.swift */; settings = {ASSET_TAGS = (); }; };
		2E9798151BD4A592005BA955 /* LoadingView.xib in Resources */ = {isa = PBXBuildFile; fileRef = 2E9797F71BD4A592005BA955 /* LoadingView.xib */; settings = {ASSET_TAGS = (); }; };
		2E9798161BD4A592005BA955 /* Misc.swift in Sources */ = {isa = PBXBuildFile; fileRef = 2E9797F81BD4A592005BA955 /* Misc.swift */; settings = {ASSET_TAGS = (); }; };
		2E9798171BD4A592005BA955 /* SoundPlayer.swift in Sources */ = {isa = PBXBuildFile; fileRef = 2E9797F91BD4A592005BA955 /* SoundPlayer.swift */; settings = {ASSET_TAGS = (); }; };
		2E9798181BD4A592005BA955 /* Spring.swift in Sources */ = {isa = PBXBuildFile; fileRef = 2E9797FB1BD4A592005BA955 /* Spring.swift */; settings = {ASSET_TAGS = (); }; };
		2E9798191BD4A592005BA955 /* SpringAnimation.swift in Sources */ = {isa = PBXBuildFile; fileRef = 2E9797FC1BD4A592005BA955 /* SpringAnimation.swift */; settings = {ASSET_TAGS = (); }; };
		2E97981A1BD4A592005BA955 /* SpringButton.swift in Sources */ = {isa = PBXBuildFile; fileRef = 2E9797FD1BD4A592005BA955 /* SpringButton.swift */; settings = {ASSET_TAGS = (); }; };
		2E97981B1BD4A592005BA955 /* SpringImageView.swift in Sources */ = {isa = PBXBuildFile; fileRef = 2E9797FE1BD4A592005BA955 /* SpringImageView.swift */; settings = {ASSET_TAGS = (); }; };
		2E97981C1BD4A592005BA955 /* SpringLabel.swift in Sources */ = {isa = PBXBuildFile; fileRef = 2E9797FF1BD4A592005BA955 /* SpringLabel.swift */; settings = {ASSET_TAGS = (); }; };
		2E97981D1BD4A592005BA955 /* SpringTextField.swift in Sources */ = {isa = PBXBuildFile; fileRef = 2E9798001BD4A592005BA955 /* SpringTextField.swift */; settings = {ASSET_TAGS = (); }; };
		2E97981E1BD4A592005BA955 /* SpringTextView.swift in Sources */ = {isa = PBXBuildFile; fileRef = 2E9798011BD4A592005BA955 /* SpringTextView.swift */; settings = {ASSET_TAGS = (); }; };
		2E97981F1BD4A592005BA955 /* SpringView.swift in Sources */ = {isa = PBXBuildFile; fileRef = 2E9798021BD4A592005BA955 /* SpringView.swift */; settings = {ASSET_TAGS = (); }; };
		2E9798201BD4A592005BA955 /* TransitionManager.swift in Sources */ = {isa = PBXBuildFile; fileRef = 2E9798031BD4A592005BA955 /* TransitionManager.swift */; settings = {ASSET_TAGS = (); }; };
		2E9798211BD4A592005BA955 /* TransitionZoom.swift in Sources */ = {isa = PBXBuildFile; fileRef = 2E9798041BD4A592005BA955 /* TransitionZoom.swift */; settings = {ASSET_TAGS = (); }; };
		2E9798221BD4A592005BA955 /* UnwindSegue.swift in Sources */ = {isa = PBXBuildFile; fileRef = 2E9798051BD4A592005BA955 /* UnwindSegue.swift */; settings = {ASSET_TAGS = (); }; };
		961CC5CD1A7B949800954999 /* AppDelegate.swift in Sources */ = {isa = PBXBuildFile; fileRef = 961CC5CC1A7B949800954999 /* AppDelegate.swift */; };
		961CC5D21A7B949800954999 /* ViewController.swift in Sources */ = {isa = PBXBuildFile; fileRef = 961CC5D11A7B949800954999 /* ViewController.swift */; };
		961CC5D51A7B949800954999 /* Main.storyboard in Resources */ = {isa = PBXBuildFile; fileRef = 961CC5D31A7B949800954999 /* Main.storyboard */; };
		961CC5D71A7B949800954999 /* Images.xcassets in Resources */ = {isa = PBXBuildFile; fileRef = 961CC5D61A7B949800954999 /* Images.xcassets */; };
		961CC5DA1A7B949800954999 /* LaunchScreen.xib in Resources */ = {isa = PBXBuildFile; fileRef = 961CC5D81A7B949800954999 /* LaunchScreen.xib */; };
		961CC5E61A7B949800954999 /* DNAppTests.swift in Sources */ = {isa = PBXBuildFile; fileRef = 961CC5E51A7B949800954999 /* DNAppTests.swift */; };
/* End PBXBuildFile section */

/* Begin PBXContainerItemProxy section */
		961CC5E01A7B949800954999 /* PBXContainerItemProxy */ = {
			isa = PBXContainerItemProxy;
			containerPortal = 961CC5BF1A7B949800954999 /* Project object */;
			proxyType = 1;
			remoteGlobalIDString = 961CC5C61A7B949800954999;
			remoteInfo = DNApp;
		};
/* End PBXContainerItemProxy section */

/* Begin PBXFileReference section */
		2E75463C1BD4D70700A52095 /* LoginViewController.swift */ = {isa = PBXFileReference; fileEncoding = 4; lastKnownFileType = sourcecode.swift; path = LoginViewController.swift; sourceTree = "<group>"; };
		2E75463E1BD4DDAA00A52095 /* LearnViewController.swift */ = {isa = PBXFileReference; fileEncoding = 4; lastKnownFileType = sourcecode.swift; path = LearnViewController.swift; sourceTree = "<group>"; };
		2E9797E81BD4A592005BA955 /* AsyncButton.swift */ = {isa = PBXFileReference; fileEncoding = 4; lastKnownFileType = sourcecode.swift; path = AsyncButton.swift; sourceTree = "<group>"; };
		2E9797E91BD4A592005BA955 /* AsyncImageView.swift */ = {isa = PBXFileReference; fileEncoding = 4; lastKnownFileType = sourcecode.swift; path = AsyncImageView.swift; sourceTree = "<group>"; };
		2E9797EA1BD4A592005BA955 /* AutoTextView.swift */ = {isa = PBXFileReference; fileEncoding = 4; lastKnownFileType = sourcecode.swift; path = AutoTextView.swift; sourceTree = "<group>"; };
		2E9797EB1BD4A592005BA955 /* BlurView.swift */ = {isa = PBXFileReference; fileEncoding = 4; lastKnownFileType = sourcecode.swift; path = BlurView.swift; sourceTree = "<group>"; };
		2E9797EC1BD4A592005BA955 /* DesignableButton.swift */ = {isa = PBXFileReference; fileEncoding = 4; lastKnownFileType = sourcecode.swift; path = DesignableButton.swift; sourceTree = "<group>"; };
		2E9797ED1BD4A592005BA955 /* DesignableImageView.swift */ = {isa = PBXFileReference; fileEncoding = 4; lastKnownFileType = sourcecode.swift; path = DesignableImageView.swift; sourceTree = "<group>"; };
		2E9797EE1BD4A592005BA955 /* DesignableLabel.swift */ = {isa = PBXFileReference; fileEncoding = 4; lastKnownFileType = sourcecode.swift; path = DesignableLabel.swift; sourceTree = "<group>"; };
		2E9797EF1BD4A592005BA955 /* DesignableTabBarController.swift */ = {isa = PBXFileReference; fileEncoding = 4; lastKnownFileType = sourcecode.swift; path = DesignableTabBarController.swift; sourceTree = "<group>"; };
		2E9797F01BD4A592005BA955 /* DesignableTextField.swift */ = {isa = PBXFileReference; fileEncoding = 4; lastKnownFileType = sourcecode.swift; path = DesignableTextField.swift; sourceTree = "<group>"; };
		2E9797F11BD4A592005BA955 /* DesignableTextView.swift */ = {isa = PBXFileReference; fileEncoding = 4; lastKnownFileType = sourcecode.swift; path = DesignableTextView.swift; sourceTree = "<group>"; };
		2E9797F21BD4A592005BA955 /* DesignableView.swift */ = {isa = PBXFileReference; fileEncoding = 4; lastKnownFileType = sourcecode.swift; path = DesignableView.swift; sourceTree = "<group>"; };
		2E9797F31BD4A592005BA955 /* ImageLoader.swift */ = {isa = PBXFileReference; fileEncoding = 4; lastKnownFileType = sourcecode.swift; path = ImageLoader.swift; sourceTree = "<group>"; };
		2E9797F41BD4A592005BA955 /* Info.plist */ = {isa = PBXFileReference; fileEncoding = 4; lastKnownFileType = text.plist.xml; path = Info.plist; sourceTree = "<group>"; };
		2E9797F51BD4A592005BA955 /* KeyboardLayoutConstraint.swift */ = {isa = PBXFileReference; fileEncoding = 4; lastKnownFileType = sourcecode.swift; path = KeyboardLayoutConstraint.swift; sourceTree = "<group>"; };
		2E9797F61BD4A592005BA955 /* LoadingView.swift */ = {isa = PBXFileReference; fileEncoding = 4; lastKnownFileType = sourcecode.swift; path = LoadingView.swift; sourceTree = "<group>"; };
		2E9797F71BD4A592005BA955 /* LoadingView.xib */ = {isa = PBXFileReference; fileEncoding = 4; lastKnownFileType = file.xib; path = LoadingView.xib; sourceTree = "<group>"; };
		2E9797F81BD4A592005BA955 /* Misc.swift */ = {isa = PBXFileReference; fileEncoding = 4; lastKnownFileType = sourcecode.swift; path = Misc.swift; sourceTree = "<group>"; };
		2E9797F91BD4A592005BA955 /* SoundPlayer.swift */ = {isa = PBXFileReference; fileEncoding = 4; lastKnownFileType = sourcecode.swift; path = SoundPlayer.swift; sourceTree = "<group>"; };
		2E9797FA1BD4A592005BA955 /* Spring.h */ = {isa = PBXFileReference; fileEncoding = 4; lastKnownFileType = sourcecode.c.h; path = Spring.h; sourceTree = "<group>"; };
		2E9797FB1BD4A592005BA955 /* Spring.swift */ = {isa = PBXFileReference; fileEncoding = 4; lastKnownFileType = sourcecode.swift; path = Spring.swift; sourceTree = "<group>"; };
		2E9797FC1BD4A592005BA955 /* SpringAnimation.swift */ = {isa = PBXFileReference; fileEncoding = 4; lastKnownFileType = sourcecode.swift; path = SpringAnimation.swift; sourceTree = "<group>"; };
		2E9797FD1BD4A592005BA955 /* SpringButton.swift */ = {isa = PBXFileReference; fileEncoding = 4; lastKnownFileType = sourcecode.swift; path = SpringButton.swift; sourceTree = "<group>"; };
		2E9797FE1BD4A592005BA955 /* SpringImageView.swift */ = {isa = PBXFileReference; fileEncoding = 4; lastKnownFileType = sourcecode.swift; path = SpringImageView.swift; sourceTree = "<group>"; };
		2E9797FF1BD4A592005BA955 /* SpringLabel.swift */ = {isa = PBXFileReference; fileEncoding = 4; lastKnownFileType = sourcecode.swift; path = SpringLabel.swift; sourceTree = "<group>"; };
		2E9798001BD4A592005BA955 /* SpringTextField.swift */ = {isa = PBXFileReference; fileEncoding = 4; lastKnownFileType = sourcecode.swift; path = SpringTextField.swift; sourceTree = "<group>"; };
		2E9798011BD4A592005BA955 /* SpringTextView.swift */ = {isa = PBXFileReference; fileEncoding = 4; lastKnownFileType = sourcecode.swift; path = SpringTextView.swift; sourceTree = "<group>"; };
		2E9798021BD4A592005BA955 /* SpringView.swift */ = {isa = PBXFileReference; fileEncoding = 4; lastKnownFileType = sourcecode.swift; path = SpringView.swift; sourceTree = "<group>"; };
		2E9798031BD4A592005BA955 /* TransitionManager.swift */ = {isa = PBXFileReference; fileEncoding = 4; lastKnownFileType = sourcecode.swift; path = TransitionManager.swift; sourceTree = "<group>"; };
		2E9798041BD4A592005BA955 /* TransitionZoom.swift */ = {isa = PBXFileReference; fileEncoding = 4; lastKnownFileType = sourcecode.swift; path = TransitionZoom.swift; sourceTree = "<group>"; };
		2E9798051BD4A592005BA955 /* UnwindSegue.swift */ = {isa = PBXFileReference; fileEncoding = 4; lastKnownFileType = sourcecode.swift; path = UnwindSegue.swift; sourceTree = "<group>"; };
		961CC5C71A7B949800954999 /* DNApp.app */ = {isa = PBXFileReference; explicitFileType = wrapper.application; includeInIndex = 0; path = DNApp.app; sourceTree = BUILT_PRODUCTS_DIR; };
		961CC5CB1A7B949800954999 /* Info.plist */ = {isa = PBXFileReference; lastKnownFileType = text.plist.xml; path = Info.plist; sourceTree = "<group>"; };
		961CC5CC1A7B949800954999 /* AppDelegate.swift */ = {isa = PBXFileReference; lastKnownFileType = sourcecode.swift; path = AppDelegate.swift; sourceTree = "<group>"; };
		961CC5D11A7B949800954999 /* ViewController.swift */ = {isa = PBXFileReference; lastKnownFileType = sourcecode.swift; path = ViewController.swift; sourceTree = "<group>"; };
		961CC5D41A7B949800954999 /* Base */ = {isa = PBXFileReference; lastKnownFileType = file.storyboard; name = Base; path = Base.lproj/Main.storyboard; sourceTree = "<group>"; };
		961CC5D61A7B949800954999 /* Images.xcassets */ = {isa = PBXFileReference; lastKnownFileType = folder.assetcatalog; path = Images.xcassets; sourceTree = "<group>"; };
		961CC5D91A7B949800954999 /* Base */ = {isa = PBXFileReference; lastKnownFileType = file.xib; name = Base; path = Base.lproj/LaunchScreen.xib; sourceTree = "<group>"; };
		961CC5DF1A7B949800954999 /* DNAppTests.xctest */ = {isa = PBXFileReference; explicitFileType = wrapper.cfbundle; includeInIndex = 0; path = DNAppTests.xctest; sourceTree = BUILT_PRODUCTS_DIR; };
		961CC5E41A7B949800954999 /* Info.plist */ = {isa = PBXFileReference; lastKnownFileType = text.plist.xml; path = Info.plist; sourceTree = "<group>"; };
		961CC5E51A7B949800954999 /* DNAppTests.swift */ = {isa = PBXFileReference; lastKnownFileType = sourcecode.swift; path = DNAppTests.swift; sourceTree = "<group>"; };
/* End PBXFileReference section */

/* Begin PBXFrameworksBuildPhase section */
		961CC5C41A7B949800954999 /* Frameworks */ = {
			isa = PBXFrameworksBuildPhase;
			buildActionMask = 2147483647;
			files = (
			);
			runOnlyForDeploymentPostprocessing = 0;
		};
		961CC5DC1A7B949800954999 /* Frameworks */ = {
			isa = PBXFrameworksBuildPhase;
			buildActionMask = 2147483647;
			files = (
			);
			runOnlyForDeploymentPostprocessing = 0;
		};
/* End PBXFrameworksBuildPhase section */

/* Begin PBXGroup section */
		2E9797E71BD4A592005BA955 /* Spring */ = {
			isa = PBXGroup;
			children = (
				2E9797E81BD4A592005BA955 /* AsyncButton.swift */,
				2E9797E91BD4A592005BA955 /* AsyncImageView.swift */,
				2E9797EA1BD4A592005BA955 /* AutoTextView.swift */,
				2E9797EB1BD4A592005BA955 /* BlurView.swift */,
				2E9797EC1BD4A592005BA955 /* DesignableButton.swift */,
				2E9797ED1BD4A592005BA955 /* DesignableImageView.swift */,
				2E9797EE1BD4A592005BA955 /* DesignableLabel.swift */,
				2E9797EF1BD4A592005BA955 /* DesignableTabBarController.swift */,
				2E9797F01BD4A592005BA955 /* DesignableTextField.swift */,
				2E9797F11BD4A592005BA955 /* DesignableTextView.swift */,
				2E9797F21BD4A592005BA955 /* DesignableView.swift */,
				2E9797F31BD4A592005BA955 /* ImageLoader.swift */,
				2E9797F41BD4A592005BA955 /* Info.plist */,
				2E9797F51BD4A592005BA955 /* KeyboardLayoutConstraint.swift */,
				2E9797F61BD4A592005BA955 /* LoadingView.swift */,
				2E9797F71BD4A592005BA955 /* LoadingView.xib */,
				2E9797F81BD4A592005BA955 /* Misc.swift */,
				2E9797F91BD4A592005BA955 /* SoundPlayer.swift */,
				2E9797FA1BD4A592005BA955 /* Spring.h */,
				2E9797FB1BD4A592005BA955 /* Spring.swift */,
				2E9797FC1BD4A592005BA955 /* SpringAnimation.swift */,
				2E9797FD1BD4A592005BA955 /* SpringButton.swift */,
				2E9797FE1BD4A592005BA955 /* SpringImageView.swift */,
				2E9797FF1BD4A592005BA955 /* SpringLabel.swift */,
				2E9798001BD4A592005BA955 /* SpringTextField.swift */,
				2E9798011BD4A592005BA955 /* SpringTextView.swift */,
				2E9798021BD4A592005BA955 /* SpringView.swift */,
				2E9798031BD4A592005BA955 /* TransitionManager.swift */,
				2E9798041BD4A592005BA955 /* TransitionZoom.swift */,
				2E9798051BD4A592005BA955 /* UnwindSegue.swift */,
			);
			path = Spring;
			sourceTree = "<group>";
		};
		961CC5BE1A7B949800954999 = {
			isa = PBXGroup;
			children = (
				961CC5C91A7B949800954999 /* DNApp */,
				961CC5E21A7B949800954999 /* DNAppTests */,
				961CC5C81A7B949800954999 /* Products */,
			);
			sourceTree = "<group>";
		};
		961CC5C81A7B949800954999 /* Products */ = {
			isa = PBXGroup;
			children = (
				961CC5C71A7B949800954999 /* DNApp.app */,
				961CC5DF1A7B949800954999 /* DNAppTests.xctest */,
			);
			name = Products;
			sourceTree = "<group>";
		};
		961CC5C91A7B949800954999 /* DNApp */ = {
			isa = PBXGroup;
			children = (
				2E9797E71BD4A592005BA955 /* Spring */,
				961CC5CC1A7B949800954999 /* AppDelegate.swift */,
				961CC5D11A7B949800954999 /* ViewController.swift */,
				2E75463C1BD4D70700A52095 /* LoginViewController.swift */,
				961CC5D31A7B949800954999 /* Main.storyboard */,
				2E75463E1BD4DDAA00A52095 /* LearnViewController.swift */,
				961CC5D61A7B949800954999 /* Images.xcassets */,
				961CC5D81A7B949800954999 /* LaunchScreen.xib */,
				961CC5CA1A7B949800954999 /* Supporting Files */,
			);
			path = DNApp;
			sourceTree = "<group>";
		};
		961CC5CA1A7B949800954999 /* Supporting Files */ = {
			isa = PBXGroup;
			children = (
				961CC5CB1A7B949800954999 /* Info.plist */,
			);
			name = "Supporting Files";
			sourceTree = "<group>";
		};
		961CC5E21A7B949800954999 /* DNAppTests */ = {
			isa = PBXGroup;
			children = (
				961CC5E51A7B949800954999 /* DNAppTests.swift */,
				961CC5E31A7B949800954999 /* Supporting Files */,
			);
			path = DNAppTests;
			sourceTree = "<group>";
		};
		961CC5E31A7B949800954999 /* Supporting Files */ = {
			isa = PBXGroup;
			children = (
				961CC5E41A7B949800954999 /* Info.plist */,
			);
			name = "Supporting Files";
			sourceTree = "<group>";
		};
/* End PBXGroup section */

/* Begin PBXNativeTarget section */
		961CC5C61A7B949800954999 /* DNApp */ = {
			isa = PBXNativeTarget;
			buildConfigurationList = 961CC5E91A7B949800954999 /* Build configuration list for PBXNativeTarget "DNApp" */;
			buildPhases = (
				961CC5C31A7B949800954999 /* Sources */,
				961CC5C41A7B949800954999 /* Frameworks */,
				961CC5C51A7B949800954999 /* Resources */,
			);
			buildRules = (
			);
			dependencies = (
			);
			name = DNApp;
			productName = DNApp;
			productReference = 961CC5C71A7B949800954999 /* DNApp.app */;
			productType = "com.apple.product-type.application";
		};
		961CC5DE1A7B949800954999 /* DNAppTests */ = {
			isa = PBXNativeTarget;
			buildConfigurationList = 961CC5EC1A7B949800954999 /* Build configuration list for PBXNativeTarget "DNAppTests" */;
			buildPhases = (
				961CC5DB1A7B949800954999 /* Sources */,
				961CC5DC1A7B949800954999 /* Frameworks */,
				961CC5DD1A7B949800954999 /* Resources */,
			);
			buildRules = (
			);
			dependencies = (
				961CC5E11A7B949800954999 /* PBXTargetDependency */,
			);
			name = DNAppTests;
			productName = DNAppTests;
			productReference = 961CC5DF1A7B949800954999 /* DNAppTests.xctest */;
			productType = "com.apple.product-type.bundle.unit-test";
		};
/* End PBXNativeTarget section */

/* Begin PBXProject section */
		961CC5BF1A7B949800954999 /* Project object */ = {
			isa = PBXProject;
			attributes = {
				LastSwiftUpdateCheck = 0700;
				LastUpgradeCheck = 0700;
				ORGANIZATIONNAME = "Meng To";
				TargetAttributes = {
					961CC5C61A7B949800954999 = {
						CreatedOnToolsVersion = 6.1.1;
					};
					961CC5DE1A7B949800954999 = {
						CreatedOnToolsVersion = 6.1.1;
						TestTargetID = 961CC5C61A7B949800954999;
					};
				};
			};
			buildConfigurationList = 961CC5C21A7B949800954999 /* Build configuration list for PBXProject "DNApp" */;
			compatibilityVersion = "Xcode 3.2";
			developmentRegion = English;
			hasScannedForEncodings = 0;
			knownRegions = (
				en,
				Base,
			);
			mainGroup = 961CC5BE1A7B949800954999;
			productRefGroup = 961CC5C81A7B949800954999 /* Products */;
			projectDirPath = "";
			projectRoot = "";
			targets = (
				961CC5C61A7B949800954999 /* DNApp */,
				961CC5DE1A7B949800954999 /* DNAppTests */,
			);
		};
/* End PBXProject section */

/* Begin PBXResourcesBuildPhase section */
		961CC5C51A7B949800954999 /* Resources */ = {
			isa = PBXResourcesBuildPhase;
			buildActionMask = 2147483647;
			files = (
				2E9798121BD4A592005BA955 /* Info.plist in Resources */,
				961CC5D51A7B949800954999 /* Main.storyboard in Resources */,
				961CC5DA1A7B949800954999 /* LaunchScreen.xib in Resources */,
				961CC5D71A7B949800954999 /* Images.xcassets in Resources */,
				2E9798151BD4A592005BA955 /* LoadingView.xib in Resources */,
			);
			runOnlyForDeploymentPostprocessing = 0;
		};
		961CC5DD1A7B949800954999 /* Resources */ = {
			isa = PBXResourcesBuildPhase;
			buildActionMask = 2147483647;
			files = (
			);
			runOnlyForDeploymentPostprocessing = 0;
		};
/* End PBXResourcesBuildPhase section */

/* Begin PBXSourcesBuildPhase section */
		961CC5C31A7B949800954999 /* Sources */ = {
			isa = PBXSourcesBuildPhase;
			buildActionMask = 2147483647;
			files = (
				2E97981C1BD4A592005BA955 /* SpringLabel.swift in Sources */,
				2E9798111BD4A592005BA955 /* ImageLoader.swift in Sources */,
				2E9798161BD4A592005BA955 /* Misc.swift in Sources */,
				2E97980B1BD4A592005BA955 /* DesignableImageView.swift in Sources */,
				2E97981B1BD4A592005BA955 /* SpringImageView.swift in Sources */,
				961CC5D21A7B949800954999 /* ViewController.swift in Sources */,
				2E9798171BD4A592005BA955 /* SoundPlayer.swift in Sources */,
				2E97981E1BD4A592005BA955 /* SpringTextView.swift in Sources */,
				961CC5CD1A7B949800954999 /* AppDelegate.swift in Sources */,
				2E9798101BD4A592005BA955 /* DesignableView.swift in Sources */,
				2E9798191BD4A592005BA955 /* SpringAnimation.swift in Sources */,
				2E9798181BD4A592005BA955 /* Spring.swift in Sources */,
				2E9798141BD4A592005BA955 /* LoadingView.swift in Sources */,
				2E97981D1BD4A592005BA955 /* SpringTextField.swift in Sources */,
				2E97980A1BD4A592005BA955 /* DesignableButton.swift in Sources */,
				2E97980E1BD4A592005BA955 /* DesignableTextField.swift in Sources */,
				2E9798061BD4A592005BA955 /* AsyncButton.swift in Sources */,
				2E9798131BD4A592005BA955 /* KeyboardLayoutConstraint.swift in Sources */,
				2E75463D1BD4D70700A52095 /* LoginViewController.swift in Sources */,
				2E97981A1BD4A592005BA955 /* SpringButton.swift in Sources */,
				2E9798071BD4A592005BA955 /* AsyncImageView.swift in Sources */,
				2E97980D1BD4A592005BA955 /* DesignableTabBarController.swift in Sources */,
				2E9798081BD4A592005BA955 /* AutoTextView.swift in Sources */,
				2E97980F1BD4A592005BA955 /* DesignableTextView.swift in Sources */,
				2E97980C1BD4A592005BA955 /* DesignableLabel.swift in Sources */,
				2E9798221BD4A592005BA955 /* UnwindSegue.swift in Sources */,
				2E75463F1BD4DDAA00A52095 /* LearnViewController.swift in Sources */,
				2E9798201BD4A592005BA955 /* TransitionManager.swift in Sources */,
				2E9798091BD4A592005BA955 /* BlurView.swift in Sources */,
				2E97981F1BD4A592005BA955 /* SpringView.swift in Sources */,
				2E9798211BD4A592005BA955 /* TransitionZoom.swift in Sources */,
			);
			runOnlyForDeploymentPostprocessing = 0;
		};
		961CC5DB1A7B949800954999 /* Sources */ = {
			isa = PBXSourcesBuildPhase;
			buildActionMask = 2147483647;
			files = (
				961CC5E61A7B949800954999 /* DNAppTests.swift in Sources */,
			);
			runOnlyForDeploymentPostprocessing = 0;
		};
/* End PBXSourcesBuildPhase section */

/* Begin PBXTargetDependency section */
		961CC5E11A7B949800954999 /* PBXTargetDependency */ = {
			isa = PBXTargetDependency;
			target = 961CC5C61A7B949800954999 /* DNApp */;
			targetProxy = 961CC5E01A7B949800954999 /* PBXContainerItemProxy */;
		};
/* End PBXTargetDependency section */

/* Begin PBXVariantGroup section */
		961CC5D31A7B949800954999 /* Main.storyboard */ = {
			isa = PBXVariantGroup;
			children = (
				961CC5D41A7B949800954999 /* Base */,
			);
			name = Main.storyboard;
			sourceTree = "<group>";
		};
		961CC5D81A7B949800954999 /* LaunchScreen.xib */ = {
			isa = PBXVariantGroup;
			children = (
				961CC5D91A7B949800954999 /* Base */,
			);
			name = LaunchScreen.xib;
			sourceTree = "<group>";
		};
/* End PBXVariantGroup section */

/* Begin XCBuildConfiguration section */
		961CC5E71A7B949800954999 /* Debug */ = {
			isa = XCBuildConfiguration;
			buildSettings = {
				ALWAYS_SEARCH_USER_PATHS = NO;
				CLANG_CXX_LANGUAGE_STANDARD = "gnu++0x";
				CLANG_CXX_LIBRARY = "libc++";
				CLANG_ENABLE_MODULES = YES;
				CLANG_ENABLE_OBJC_ARC = YES;
				CLANG_WARN_BOOL_CONVERSION = YES;
				CLANG_WARN_CONSTANT_CONVERSION = YES;
				CLANG_WARN_DIRECT_OBJC_ISA_USAGE = YES_ERROR;
				CLANG_WARN_EMPTY_BODY = YES;
				CLANG_WARN_ENUM_CONVERSION = YES;
				CLANG_WARN_INT_CONVERSION = YES;
				CLANG_WARN_OBJC_ROOT_CLASS = YES_ERROR;
				CLANG_WARN_UNREACHABLE_CODE = YES;
				CLANG_WARN__DUPLICATE_METHOD_MATCH = YES;
				"CODE_SIGN_IDENTITY[sdk=iphoneos*]" = "iPhone Developer";
				COPY_PHASE_STRIP = NO;
				ENABLE_STRICT_OBJC_MSGSEND = YES;
				ENABLE_TESTABILITY = YES;
				GCC_C_LANGUAGE_STANDARD = gnu99;
				GCC_DYNAMIC_NO_PIC = NO;
				GCC_OPTIMIZATION_LEVEL = 0;
				GCC_PREPROCESSOR_DEFINITIONS = (
					"DEBUG=1",
					"$(inherited)",
				);
				GCC_SYMBOLS_PRIVATE_EXTERN = NO;
				GCC_WARN_64_TO_32_BIT_CONVERSION = YES;
				GCC_WARN_ABOUT_RETURN_TYPE = YES_ERROR;
				GCC_WARN_UNDECLARED_SELECTOR = YES;
				GCC_WARN_UNINITIALIZED_AUTOS = YES_AGGRESSIVE;
				GCC_WARN_UNUSED_FUNCTION = YES;
				GCC_WARN_UNUSED_VARIABLE = YES;
				IPHONEOS_DEPLOYMENT_TARGET = 8.1;
				MTL_ENABLE_DEBUG_INFO = YES;
				ONLY_ACTIVE_ARCH = YES;
				SDKROOT = iphoneos;
				SWIFT_OPTIMIZATION_LEVEL = "-Onone";
			};
			name = Debug;
		};
		961CC5E81A7B949800954999 /* Release */ = {
			isa = XCBuildConfiguration;
			buildSettings = {
				ALWAYS_SEARCH_USER_PATHS = NO;
				CLANG_CXX_LANGUAGE_STANDARD = "gnu++0x";
				CLANG_CXX_LIBRARY = "libc++";
				CLANG_ENABLE_MODULES = YES;
				CLANG_ENABLE_OBJC_ARC = YES;
				CLANG_WARN_BOOL_CONVERSION = YES;
				CLANG_WARN_CONSTANT_CONVERSION = YES;
				CLANG_WARN_DIRECT_OBJC_ISA_USAGE = YES_ERROR;
				CLANG_WARN_EMPTY_BODY = YES;
				CLANG_WARN_ENUM_CONVERSION = YES;
				CLANG_WARN_INT_CONVERSION = YES;
				CLANG_WARN_OBJC_ROOT_CLASS = YES_ERROR;
				CLANG_WARN_UNREACHABLE_CODE = YES;
				CLANG_WARN__DUPLICATE_METHOD_MATCH = YES;
				"CODE_SIGN_IDENTITY[sdk=iphoneos*]" = "iPhone Developer";
				COPY_PHASE_STRIP = YES;
				ENABLE_NS_ASSERTIONS = NO;
				ENABLE_STRICT_OBJC_MSGSEND = YES;
				GCC_C_LANGUAGE_STANDARD = gnu99;
				GCC_WARN_64_TO_32_BIT_CONVERSION = YES;
				GCC_WARN_ABOUT_RETURN_TYPE = YES_ERROR;
				GCC_WARN_UNDECLARED_SELECTOR = YES;
				GCC_WARN_UNINITIALIZED_AUTOS = YES_AGGRESSIVE;
				GCC_WARN_UNUSED_FUNCTION = YES;
				GCC_WARN_UNUSED_VARIABLE = YES;
				IPHONEOS_DEPLOYMENT_TARGET = 8.1;
				MTL_ENABLE_DEBUG_INFO = NO;
				SDKROOT = iphoneos;
				VALIDATE_PRODUCT = YES;
			};
			name = Release;
		};
		961CC5EA1A7B949800954999 /* Debug */ = {
			isa = XCBuildConfiguration;
			buildSettings = {
				ASSETCATALOG_COMPILER_APPICON_NAME = AppIcon;
				INFOPLIST_FILE = DNApp/Info.plist;
				LD_RUNPATH_SEARCH_PATHS = "$(inherited) @executable_path/Frameworks";
				PRODUCT_BUNDLE_IDENTIFIER = "io.designcode.$(PRODUCT_NAME:rfc1034identifier)";
				PRODUCT_NAME = "$(TARGET_NAME)";
			};
			name = Debug;
		};
		961CC5EB1A7B949800954999 /* Release */ = {
			isa = XCBuildConfiguration;
			buildSettings = {
				ASSETCATALOG_COMPILER_APPICON_NAME = AppIcon;
				INFOPLIST_FILE = DNApp/Info.plist;
				LD_RUNPATH_SEARCH_PATHS = "$(inherited) @executable_path/Frameworks";
				PRODUCT_BUNDLE_IDENTIFIER = "io.designcode.$(PRODUCT_NAME:rfc1034identifier)";
				PRODUCT_NAME = "$(TARGET_NAME)";
			};
			name = Release;
		};
		961CC5ED1A7B949800954999 /* Debug */ = {
			isa = XCBuildConfiguration;
			buildSettings = {
				BUNDLE_LOADER = "$(TEST_HOST)";
				FRAMEWORK_SEARCH_PATHS = (
					"$(SDKROOT)/Developer/Library/Frameworks",
					"$(inherited)",
				);
				GCC_PREPROCESSOR_DEFINITIONS = (
					"DEBUG=1",
					"$(inherited)",
				);
				INFOPLIST_FILE = DNAppTests/Info.plist;
				LD_RUNPATH_SEARCH_PATHS = "$(inherited) @executable_path/Frameworks @loader_path/Frameworks";
				PRODUCT_BUNDLE_IDENTIFIER = "io.designcode.$(PRODUCT_NAME:rfc1034identifier)";
				PRODUCT_NAME = "$(TARGET_NAME)";
				TEST_HOST = "$(BUILT_PRODUCTS_DIR)/DNApp.app/DNApp";
			};
			name = Debug;
		};
		961CC5EE1A7B949800954999 /* Release */ = {
			isa = XCBuildConfiguration;
			buildSettings = {
				BUNDLE_LOADER = "$(TEST_HOST)";
				FRAMEWORK_SEARCH_PATHS = (
					"$(SDKROOT)/Developer/Library/Frameworks",
					"$(inherited)",
				);
				INFOPLIST_FILE = DNAppTests/Info.plist;
				LD_RUNPATH_SEARCH_PATHS = "$(inherited) @executable_path/Frameworks @loader_path/Frameworks";
				PRODUCT_BUNDLE_IDENTIFIER = "io.designcode.$(PRODUCT_NAME:rfc1034identifier)";
				PRODUCT_NAME = "$(TARGET_NAME)";
				TEST_HOST = "$(BUILT_PRODUCTS_DIR)/DNApp.app/DNApp";
			};
			name = Release;
		};
/* End XCBuildConfiguration section */

/* Begin XCConfigurationList section */
		961CC5C21A7B949800954999 /* Build configuration list for PBXProject "DNApp" */ = {
			isa = XCConfigurationList;
			buildConfigurations = (
				961CC5E71A7B949800954999 /* Debug */,
				961CC5E81A7B949800954999 /* Release */,
			);
			defaultConfigurationIsVisible = 0;
			defaultConfigurationName = Release;
		};
		961CC5E91A7B949800954999 /* Build configuration list for PBXNativeTarget "DNApp" */ = {
			isa = XCConfigurationList;
			buildConfigurations = (
				961CC5EA1A7B949800954999 /* Debug */,
				961CC5EB1A7B949800954999 /* Release */,
			);
			defaultConfigurationIsVisible = 0;
			defaultConfigurationName = Release;
		};
		961CC5EC1A7B949800954999 /* Build configuration list for PBXNativeTarget "DNAppTests" */ = {
			isa = XCConfigurationList;
			buildConfigurations = (
				961CC5ED1A7B949800954999 /* Debug */,
				961CC5EE1A7B949800954999 /* Release */,
			);
			defaultConfigurationIsVisible = 0;
			defaultConfigurationName = Release;
		};
/* End XCConfigurationList section */
	};
	rootObject = 961CC5BF1A7B949800954999 /* Project object */;
}
