// !$*UTF8*$!
{
	archiveVersion = 1;
	classes = {
	};
	objectVersion = 46;
	objects = {

/* Begin PBXBuildFile section */
		2E8AF6ED1BB0F60500598E25 /* AppDelegate.swift in Sources */ = {isa = PBXBuildFile; fileRef = 2E8AF6EC1BB0F60500598E25 /* AppDelegate.swift */; };
		2E8AF6EF1BB0F60500598E25 /* ViewController.swift in Sources */ = {isa = PBXBuildFile; fileRef = 2E8AF6EE1BB0F60500598E25 /* ViewController.swift */; };
		2E8AF6F21BB0F60500598E25 /* Main.storyboard in Resources */ = {isa = PBXBuildFile; fileRef = 2E8AF6F01BB0F60500598E25 /* Main.storyboard */; };
		2E8AF6F41BB0F60500598E25 /* Assets.xcassets in Resources */ = {isa = PBXBuildFile; fileRef = 2E8AF6F31BB0F60500598E25 /* Assets.xcassets */; };
		2E8AF6F71BB0F60500598E25 /* LaunchScreen.storyboard in Resources */ = {isa = PBXBuildFile; fileRef = 2E8AF6F51BB0F60500598E25 /* LaunchScreen.storyboard */; };
		2E8AF7021BB0F60500598E25 /* DrawerTests.swift in Sources */ = {isa = PBXBuildFile; fileRef = 2E8AF7011BB0F60500598E25 /* DrawerTests.swift */; };
		2E8AF70D1BB0F60500598E25 /* DrawerUITests.swift in Sources */ = {isa = PBXBuildFile; fileRef = 2E8AF70C1BB0F60500598E25 /* DrawerUITests.swift */; };
/* End PBXBuildFile section */

/* Begin PBXContainerItemProxy section */
		2E8AF6FE1BB0F60500598E25 /* PBXContainerItemProxy */ = {
			isa = PBXContainerItemProxy;
			containerPortal = 2E8AF6E11BB0F60500598E25 /* Project object */;
			proxyType = 1;
			remoteGlobalIDString = 2E8AF6E81BB0F60500598E25;
			remoteInfo = Drawer;
		};
		2E8AF7091BB0F60500598E25 /* PBXContainerItemProxy */ = {
			isa = PBXContainerItemProxy;
			containerPortal = 2E8AF6E11BB0F60500598E25 /* Project object */;
			proxyType = 1;
			remoteGlobalIDString = 2E8AF6E81BB0F60500598E25;
			remoteInfo = Drawer;
		};
/* End PBXContainerItemProxy section */

/* Begin PBXFileReference section */
		2E8AF6E91BB0F60500598E25 /* Drawer.app */ = {isa = PBXFileReference; explicitFileType = wrapper.application; includeInIndex = 0; path = Drawer.app; sourceTree = BUILT_PRODUCTS_DIR; };
		2E8AF6EC1BB0F60500598E25 /* AppDelegate.swift */ = {isa = PBXFileReference; lastKnownFileType = sourcecode.swift; path = AppDelegate.swift; sourceTree = "<group>"; };
		2E8AF6EE1BB0F60500598E25 /* ViewController.swift */ = {isa = PBXFileReference; lastKnownFileType = sourcecode.swift; path = ViewController.swift; sourceTree = "<group>"; };
		2E8AF6F11BB0F60500598E25 /* Base */ = {isa = PBXFileReference; lastKnownFileType = file.storyboard; name = Base; path = Base.lproj/Main.storyboard; sourceTree = "<group>"; };
		2E8AF6F31BB0F60500598E25 /* Assets.xcassets */ = {isa = PBXFileReference; lastKnownFileType = folder.assetcatalog; path = Assets.xcassets; sourceTree = "<group>"; };
		2E8AF6F61BB0F60500598E25 /* Base */ = {isa = PBXFileReference; lastKnownFileType = file.storyboard; name = Base; path = Base.lproj/LaunchScreen.storyboard; sourceTree = "<group>"; };
		2E8AF6F81BB0F60500598E25 /* Info.plist */ = {isa = PBXFileReference; lastKnownFileType = text.plist.xml; path = Info.plist; sourceTree = "<group>"; };
		2E8AF6FD1BB0F60500598E25 /* DrawerTests.xctest */ = {isa = PBXFileReference; explicitFileType = wrapper.cfbundle; includeInIndex = 0; path = DrawerTests.xctest; sourceTree = BUILT_PRODUCTS_DIR; };
		2E8AF7011BB0F60500598E25 /* DrawerTests.swift */ = {isa = PBXFileReference; lastKnownFileType = sourcecode.swift; path = DrawerTests.swift; sourceTree = "<group>"; };
		2E8AF7031BB0F60500598E25 /* Info.plist */ = {isa = PBXFileReference; lastKnownFileType = text.plist.xml; path = Info.plist; sourceTree = "<group>"; };
		2E8AF7081BB0F60500598E25 /* DrawerUITests.xctest */ = {isa = PBXFileReference; explicitFileType = wrapper.cfbundle; includeInIndex = 0; path = DrawerUITests.xctest; sourceTree = BUILT_PRODUCTS_DIR; };
		2E8AF70C1BB0F60500598E25 /* DrawerUITests.swift */ = {isa = PBXFileReference; lastKnownFileType = sourcecode.swift; path = DrawerUITests.swift; sourceTree = "<group>"; };
		2E8AF70E1BB0F60500598E25 /* Info.plist */ = {isa = PBXFileReference; lastKnownFileType = text.plist.xml; path = Info.plist; sourceTree = "<group>"; };
/* End PBXFileReference section */

/* Begin PBXFrameworksBuildPhase section */
		2E8AF6E61BB0F60500598E25 /* Frameworks */ = {
			isa = PBXFrameworksBuildPhase;
			buildActionMask = 2147483647;
			files = (
			);
			runOnlyForDeploymentPostprocessing = 0;
		};
		2E8AF6FA1BB0F60500598E25 /* Frameworks */ = {
			isa = PBXFrameworksBuildPhase;
			buildActionMask = 2147483647;
			files = (
			);
			runOnlyForDeploymentPostprocessing = 0;
		};
		2E8AF7051BB0F60500598E25 /* Frameworks */ = {
			isa = PBXFrameworksBuildPhase;
			buildActionMask = 2147483647;
			files = (
			);
			runOnlyForDeploymentPostprocessing = 0;
		};
/* End PBXFrameworksBuildPhase section */

/* Begin PBXGroup section */
		2E8AF6E01BB0F60500598E25 = {
			isa = PBXGroup;
			children = (
				2E8AF6EB1BB0F60500598E25 /* Drawer */,
				2E8AF7001BB0F60500598E25 /* DrawerTests */,
				2E8AF70B1BB0F60500598E25 /* DrawerUITests */,
				2E8AF6EA1BB0F60500598E25 /* Products */,
			);
			sourceTree = "<group>";
		};
		2E8AF6EA1BB0F60500598E25 /* Products */ = {
			isa = PBXGroup;
			children = (
				2E8AF6E91BB0F60500598E25 /* Drawer.app */,
				2E8AF6FD1BB0F60500598E25 /* DrawerTests.xctest */,
				2E8AF7081BB0F60500598E25 /* DrawerUITests.xctest */,
			);
			name = Products;
			sourceTree = "<group>";
		};
		2E8AF6EB1BB0F60500598E25 /* Drawer */ = {
			isa = PBXGroup;
			children = (
				2E8AF6EC1BB0F60500598E25 /* AppDelegate.swift */,
				2E8AF6EE1BB0F60500598E25 /* ViewController.swift */,
				2E8AF6F01BB0F60500598E25 /* Main.storyboard */,
				2E8AF6F31BB0F60500598E25 /* Assets.xcassets */,
				2E8AF6F51BB0F60500598E25 /* LaunchScreen.storyboard */,
				2E8AF6F81BB0F60500598E25 /* Info.plist */,
			);
			path = Drawer;
			sourceTree = "<group>";
		};
		2E8AF7001BB0F60500598E25 /* DrawerTests */ = {
			isa = PBXGroup;
			children = (
				2E8AF7011BB0F60500598E25 /* DrawerTests.swift */,
				2E8AF7031BB0F60500598E25 /* Info.plist */,
			);
			path = DrawerTests;
			sourceTree = "<group>";
		};
		2E8AF70B1BB0F60500598E25 /* DrawerUITests */ = {
			isa = PBXGroup;
			children = (
				2E8AF70C1BB0F60500598E25 /* DrawerUITests.swift */,
				2E8AF70E1BB0F60500598E25 /* Info.plist */,
			);
			path = DrawerUITests;
			sourceTree = "<group>";
		};
/* End PBXGroup section */

/* Begin PBXNativeTarget section */
		2E8AF6E81BB0F60500598E25 /* Drawer */ = {
			isa = PBXNativeTarget;
			buildConfigurationList = 2E8AF7111BB0F60500598E25 /* Build configuration list for PBXNativeTarget "Drawer" */;
			buildPhases = (
				2E8AF6E51BB0F60500598E25 /* Sources */,
				2E8AF6E61BB0F60500598E25 /* Frameworks */,
				2E8AF6E71BB0F60500598E25 /* Resources */,
			);
			buildRules = (
			);
			dependencies = (
			);
			name = Drawer;
			productName = Drawer;
			productReference = 2E8AF6E91BB0F60500598E25 /* Drawer.app */;
			productType = "com.apple.product-type.application";
		};
		2E8AF6FC1BB0F60500598E25 /* DrawerTests */ = {
			isa = PBXNativeTarget;
			buildConfigurationList = 2E8AF7141BB0F60500598E25 /* Build configuration list for PBXNativeTarget "DrawerTests" */;
			buildPhases = (
				2E8AF6F91BB0F60500598E25 /* Sources */,
				2E8AF6FA1BB0F60500598E25 /* Frameworks */,
				2E8AF6FB1BB0F60500598E25 /* Resources */,
			);
			buildRules = (
			);
			dependencies = (
				2E8AF6FF1BB0F60500598E25 /* PBXTargetDependency */,
			);
			name = DrawerTests;
			productName = DrawerTests;
			productReference = 2E8AF6FD1BB0F60500598E25 /* DrawerTests.xctest */;
			productType = "com.apple.product-type.bundle.unit-test";
		};
		2E8AF7071BB0F60500598E25 /* DrawerUITests */ = {
			isa = PBXNativeTarget;
			buildConfigurationList = 2E8AF7171BB0F60500598E25 /* Build configuration list for PBXNativeTarget "DrawerUITests" */;
			buildPhases = (
				2E8AF7041BB0F60500598E25 /* Sources */,
				2E8AF7051BB0F60500598E25 /* Frameworks */,
				2E8AF7061BB0F60500598E25 /* Resources */,
			);
			buildRules = (
			);
			dependencies = (
				2E8AF70A1BB0F60500598E25 /* PBXTargetDependency */,
			);
			name = DrawerUITests;
			productName = DrawerUITests;
			productReference = 2E8AF7081BB0F60500598E25 /* DrawerUITests.xctest */;
			productType = "com.apple.product-type.bundle.ui-testing";
		};
/* End PBXNativeTarget section */

/* Begin PBXProject section */
		2E8AF6E11BB0F60500598E25 /* Project object */ = {
			isa = PBXProject;
			attributes = {
				LastUpgradeCheck = 0700;
				ORGANIZATIONNAME = KingMartin;
				TargetAttributes = {
					2E8AF6E81BB0F60500598E25 = {
						CreatedOnToolsVersion = 7.0;
						DevelopmentTeam = LK5TSF8WY2;
					};
					2E8AF6FC1BB0F60500598E25 = {
						CreatedOnToolsVersion = 7.0;
						DevelopmentTeam = 8377DUVBBA;
						TestTargetID = 2E8AF6E81BB0F60500598E25;
					};
					2E8AF7071BB0F60500598E25 = {
						CreatedOnToolsVersion = 7.0;
						DevelopmentTeam = 8377DUVBBA;
						TestTargetID = 2E8AF6E81BB0F60500598E25;
					};
				};
			};
			buildConfigurationList = 2E8AF6E41BB0F60500598E25 /* Build configuration list for PBXProject "Drawer" */;
			compatibilityVersion = "Xcode 3.2";
			developmentRegion = English;
			hasScannedForEncodings = 0;
			knownRegions = (
				en,
				Base,
			);
			mainGroup = 2E8AF6E01BB0F60500598E25;
			productRefGroup = 2E8AF6EA1BB0F60500598E25 /* Products */;
			projectDirPath = "";
			projectRoot = "";
			targets = (
				2E8AF6E81BB0F60500598E25 /* Drawer */,
				2E8AF6FC1BB0F60500598E25 /* DrawerTests */,
				2E8AF7071BB0F60500598E25 /* DrawerUITests */,
			);
		};
/* End PBXProject section */

/* Begin PBXResourcesBuildPhase section */
		2E8AF6E71BB0F60500598E25 /* Resources */ = {
			isa = PBXResourcesBuildPhase;
			buildActionMask = 2147483647;
			files = (
				2E8AF6F71BB0F60500598E25 /* LaunchScreen.storyboard in Resources */,
				2E8AF6F41BB0F60500598E25 /* Assets.xcassets in Resources */,
				2E8AF6F21BB0F60500598E25 /* Main.storyboard in Resources */,
			);
			runOnlyForDeploymentPostprocessing = 0;
		};
		2E8AF6FB1BB0F60500598E25 /* Resources */ = {
			isa = PBXResourcesBuildPhase;
			buildActionMask = 2147483647;
			files = (
			);
			runOnlyForDeploymentPostprocessing = 0;
		};
		2E8AF7061BB0F60500598E25 /* Resources */ = {
			isa = PBXResourcesBuildPhase;
			buildActionMask = 2147483647;
			files = (
			);
			runOnlyForDeploymentPostprocessing = 0;
		};
/* End PBXResourcesBuildPhase section */

/* Begin PBXSourcesBuildPhase section */
		2E8AF6E51BB0F60500598E25 /* Sources */ = {
			isa = PBXSourcesBuildPhase;
			buildActionMask = 2147483647;
			files = (
				2E8AF6EF1BB0F60500598E25 /* ViewController.swift in Sources */,
				2E8AF6ED1BB0F60500598E25 /* AppDelegate.swift in Sources */,
			);
			runOnlyForDeploymentPostprocessing = 0;
		};
		2E8AF6F91BB0F60500598E25 /* Sources */ = {
			isa = PBXSourcesBuildPhase;
			buildActionMask = 2147483647;
			files = (
				2E8AF7021BB0F60500598E25 /* DrawerTests.swift in Sources */,
			);
			runOnlyForDeploymentPostprocessing = 0;
		};
		2E8AF7041BB0F60500598E25 /* Sources */ = {
			isa = PBXSourcesBuildPhase;
			buildActionMask = 2147483647;
			files = (
				2E8AF70D1BB0F60500598E25 /* DrawerUITests.swift in Sources */,
			);
			runOnlyForDeploymentPostprocessing = 0;
		};
/* End PBXSourcesBuildPhase section */

/* Begin PBXTargetDependency section */
		2E8AF6FF1BB0F60500598E25 /* PBXTargetDependency */ = {
			isa = PBXTargetDependency;
			target = 2E8AF6E81BB0F60500598E25 /* Drawer */;
			targetProxy = 2E8AF6FE1BB0F60500598E25 /* PBXContainerItemProxy */;
		};
		2E8AF70A1BB0F60500598E25 /* PBXTargetDependency */ = {
			isa = PBXTargetDependency;
			target = 2E8AF6E81BB0F60500598E25 /* Drawer */;
			targetProxy = 2E8AF7091BB0F60500598E25 /* PBXContainerItemProxy */;
		};
/* End PBXTargetDependency section */

/* Begin PBXVariantGroup section */
		2E8AF6F01BB0F60500598E25 /* Main.storyboard */ = {
			isa = PBXVariantGroup;
			children = (
				2E8AF6F11BB0F60500598E25 /* Base */,
			);
			name = Main.storyboard;
			sourceTree = "<group>";
		};
		2E8AF6F51BB0F60500598E25 /* LaunchScreen.storyboard */ = {
			isa = PBXVariantGroup;
			children = (
				2E8AF6F61BB0F60500598E25 /* Base */,
			);
			name = LaunchScreen.storyboard;
			sourceTree = "<group>";
		};
/* End PBXVariantGroup section */

/* Begin XCBuildConfiguration section */
		2E8AF70F1BB0F60500598E25 /* Debug */ = {
			isa = XCBuildConfiguration;
			buildSettings = {
				ALWAYS_SEARCH_USER_PATHS = NO;
				CLANG_CXX_LANGUAGE_STANDARD = "gnu++0x";
				CLANG_CXX_LIBRARY = "libc++";
				CLANG_ENABLE_MODULES = YES;
				CLANG_ENABLE_OBJC_ARC = YES;
				CLANG_WARN_BOOL_CONVERSION = YES;
				CLANG_WARN_CONSTANT_CONVERSION = YES;
				CLANG_WARN_DIRECT_OBJC_ISA_USAGE = YES_ERROR;
				CLANG_WARN_EMPTY_BODY = YES;
				CLANG_WARN_ENUM_CONVERSION = YES;
				CLANG_WARN_INT_CONVERSION = YES;
				CLANG_WARN_OBJC_ROOT_CLASS = YES_ERROR;
				CLANG_WARN_UNREACHABLE_CODE = YES;
				CLANG_WARN__DUPLICATE_METHOD_MATCH = YES;
				"CODE_SIGN_IDENTITY[sdk=iphoneos*]" = "iPhone Developer";
				COPY_PHASE_STRIP = NO;
				DEBUG_INFORMATION_FORMAT = dwarf;
				ENABLE_STRICT_OBJC_MSGSEND = YES;
				ENABLE_TESTABILITY = YES;
				GCC_C_LANGUAGE_STANDARD = gnu99;
				GCC_DYNAMIC_NO_PIC = NO;
				GCC_NO_COMMON_BLOCKS = YES;
				GCC_OPTIMIZATION_LEVEL = 0;
				GCC_PREPROCESSOR_DEFINITIONS = (
					"DEBUG=1",
					"$(inherited)",
				);
				GCC_WARN_64_TO_32_BIT_CONVERSION = YES;
				GCC_WARN_ABOUT_RETURN_TYPE = YES_ERROR;
				GCC_WARN_UNDECLARED_SELECTOR = YES;
				GCC_WARN_UNINITIALIZED_AUTOS = YES_AGGRESSIVE;
				GCC_WARN_UNUSED_FUNCTION = YES;
				GCC_WARN_UNUSED_VARIABLE = YES;
				IPHONEOS_DEPLOYMENT_TARGET = 9.0;
				MTL_ENABLE_DEBUG_INFO = YES;
				ONLY_ACTIVE_ARCH = YES;
				SDKROOT = iphoneos;
				SWIFT_OPTIMIZATION_LEVEL = "-Onone";
			};
			name = Debug;
		};
		2E8AF7101BB0F60500598E25 /* Release */ = {
			isa = XCBuildConfiguration;
			buildSettings = {
				ALWAYS_SEARCH_USER_PATHS = NO;
				CLANG_CXX_LANGUAGE_STANDARD = "gnu++0x";
				CLANG_CXX_LIBRARY = "libc++";
				CLANG_ENABLE_MODULES = YES;
				CLANG_ENABLE_OBJC_ARC = YES;
				CLANG_WARN_BOOL_CONVERSION = YES;
				CLANG_WARN_CONSTANT_CONVERSION = YES;
				CLANG_WARN_DIRECT_OBJC_ISA_USAGE = YES_ERROR;
				CLANG_WARN_EMPTY_BODY = YES;
				CLANG_WARN_ENUM_CONVERSION = YES;
				CLANG_WARN_INT_CONVERSION = YES;
				CLANG_WARN_OBJC_ROOT_CLASS = YES_ERROR;
				CLANG_WARN_UNREACHABLE_CODE = YES;
				CLANG_WARN__DUPLICATE_METHOD_MATCH = YES;
				"CODE_SIGN_IDENTITY[sdk=iphoneos*]" = "iPhone Developer";
				COPY_PHASE_STRIP = NO;
				DEBUG_INFORMATION_FORMAT = "dwarf-with-dsym";
				ENABLE_NS_ASSERTIONS = NO;
				ENABLE_STRICT_OBJC_MSGSEND = YES;
				GCC_C_LANGUAGE_STANDARD = gnu99;
				GCC_NO_COMMON_BLOCKS = YES;
				GCC_WARN_64_TO_32_BIT_CONVERSION = YES;
				GCC_WARN_ABOUT_RETURN_TYPE = YES_ERROR;
				GCC_WARN_UNDECLARED_SELECTOR = YES;
				GCC_WARN_UNINITIALIZED_AUTOS = YES_AGGRESSIVE;
				GCC_WARN_UNUSED_FUNCTION = YES;
				GCC_WARN_UNUSED_VARIABLE = YES;
				IPHONEOS_DEPLOYMENT_TARGET = 9.0;
				MTL_ENABLE_DEBUG_INFO = NO;
				SDKROOT = iphoneos;
				VALIDATE_PRODUCT = YES;
			};
			name = Release;
		};
		2E8AF7121BB0F60500598E25 /* Debug */ = {
			isa = XCBuildConfiguration;
			buildSettings = {
				ASSETCATALOG_COMPILER_APPICON_NAME = AppIcon;
				CODE_SIGN_IDENTITY = "iPhone Developer: Yinyan Qiu (Z6CGVL437S)";
				INFOPLIST_FILE = Drawer/Info.plist;
				LD_RUNPATH_SEARCH_PATHS = "$(inherited) @executable_path/Frameworks";
				PRODUCT_BUNDLE_IDENTIFIER = com.MartinStudio.Drawer;
				PRODUCT_NAME = "$(TARGET_NAME)";
				PROVISIONING_PROFILE = "";
			};
			name = Debug;
		};
		2E8AF7131BB0F60500598E25 /* Release */ = {
			isa = XCBuildConfiguration;
			buildSettings = {
				ASSETCATALOG_COMPILER_APPICON_NAME = AppIcon;
				CODE_SIGN_IDENTITY = "iPhone Developer: Yinyan Qiu (Z6CGVL437S)";
				INFOPLIST_FILE = Drawer/Info.plist;
				LD_RUNPATH_SEARCH_PATHS = "$(inherited) @executable_path/Frameworks";
				PRODUCT_BUNDLE_IDENTIFIER = com.MartinStudio.Drawer;
				PRODUCT_NAME = "$(TARGET_NAME)";
				PROVISIONING_PROFILE = "";
			};
			name = Release;
		};
		2E8AF7151BB0F60500598E25 /* Debug */ = {
			isa = XCBuildConfiguration;
			buildSettings = {
				BUNDLE_LOADER = "$(TEST_HOST)";
				INFOPLIST_FILE = DrawerTests/Info.plist;
				LD_RUNPATH_SEARCH_PATHS = "$(inherited) @executable_path/Frameworks @loader_path/Frameworks";
				PRODUCT_BUNDLE_IDENTIFIER = com.MartinStudio.DrawerTests;
				PRODUCT_NAME = "$(TARGET_NAME)";
				TEST_HOST = "$(BUILT_PRODUCTS_DIR)/Drawer.app/Drawer";
			};
			name = Debug;
		};
		2E8AF7161BB0F60500598E25 /* Release */ = {
			isa = XCBuildConfiguration;
			buildSettings = {
				BUNDLE_LOADER = "$(TEST_HOST)";
				INFOPLIST_FILE = DrawerTests/Info.plist;
				LD_RUNPATH_SEARCH_PATHS = "$(inherited) @executable_path/Frameworks @loader_path/Frameworks";
				PRODUCT_BUNDLE_IDENTIFIER = com.MartinStudio.DrawerTests;
				PRODUCT_NAME = "$(TARGET_NAME)";
				TEST_HOST = "$(BUILT_PRODUCTS_DIR)/Drawer.app/Drawer";
			};
			name = Release;
		};
		2E8AF7181BB0F60500598E25 /* Debug */ = {
			isa = XCBuildConfiguration;
			buildSettings = {
				INFOPLIST_FILE = DrawerUITests/Info.plist;
				LD_RUNPATH_SEARCH_PATHS = "$(inherited) @executable_path/Frameworks @loader_path/Frameworks";
				PRODUCT_BUNDLE_IDENTIFIER = com.MartinStudio.DrawerUITests;
				PRODUCT_NAME = "$(TARGET_NAME)";
				TEST_TARGET_NAME = Drawer;
				USES_XCTRUNNER = YES;
			};
			name = Debug;
		};
		2E8AF7191BB0F60500598E25 /* Release */ = {
			isa = XCBuildConfiguration;
			buildSettings = {
				INFOPLIST_FILE = DrawerUITests/Info.plist;
				LD_RUNPATH_SEARCH_PATHS = "$(inherited) @executable_path/Frameworks @loader_path/Frameworks";
				PRODUCT_BUNDLE_IDENTIFIER = com.MartinStudio.DrawerUITests;
				PRODUCT_NAME = "$(TARGET_NAME)";
				TEST_TARGET_NAME = Drawer;
				USES_XCTRUNNER = YES;
			};
			name = Release;
		};
/* End XCBuildConfiguration section */

/* Begin XCConfigurationList section */
		2E8AF6E41BB0F60500598E25 /* Build configuration list for PBXProject "Drawer" */ = {
			isa = XCConfigurationList;
			buildConfigurations = (
				2E8AF70F1BB0F60500598E25 /* Debug */,
				2E8AF7101BB0F60500598E25 /* Release */,
			);
			defaultConfigurationIsVisible = 0;
			defaultConfigurationName = Release;
		};
		2E8AF7111BB0F60500598E25 /* Build configuration list for PBXNativeTarget "Drawer" */ = {
			isa = XCConfigurationList;
			buildConfigurations = (
				2E8AF7121BB0F60500598E25 /* Debug */,
				2E8AF7131BB0F60500598E25 /* Release */,
			);
			defaultConfigurationIsVisible = 0;
			defaultConfigurationName = Release;
		};
		2E8AF7141BB0F60500598E25 /* Build configuration list for PBXNativeTarget "DrawerTests" */ = {
			isa = XCConfigurationList;
			buildConfigurations = (
				2E8AF7151BB0F60500598E25 /* Debug */,
				2E8AF7161BB0F60500598E25 /* Release */,
			);
			defaultConfigurationIsVisible = 0;
			defaultConfigurationName = Release;
		};
		2E8AF7171BB0F60500598E25 /* Build configuration list for PBXNativeTarget "DrawerUITests" */ = {
			isa = XCConfigurationList;
			buildConfigurations = (
				2E8AF7181BB0F60500598E25 /* Debug */,
				2E8AF7191BB0F60500598E25 /* Release */,
			);
			defaultConfigurationIsVisible = 0;
			defaultConfigurationName = Release;
		};
/* End XCConfigurationList section */
	};
	rootObject = 2E8AF6E11BB0F60500598E25 /* Project object */;
}
