// !$*UTF8*$!
{
	archiveVersion = 1;
	classes = {
	};
	objectVersion = 46;
	objects = {

/* Begin PBXBuildFile section */
		2EE7B1531BB03902003C8214 /* AppDelegate.swift in Sources */ = {isa = PBXBuildFile; fileRef = 2EE7B1521BB03902003C8214 /* AppDelegate.swift */; };
		2EE7B1551BB03902003C8214 /* ViewController.swift in Sources */ = {isa = PBXBuildFile; fileRef = 2EE7B1541BB03902003C8214 /* ViewController.swift */; };
		2EE7B1581BB03902003C8214 /* Main.storyboard in Resources */ = {isa = PBXBuildFile; fileRef = 2EE7B1561BB03902003C8214 /* Main.storyboard */; };
		2EE7B15A1BB03902003C8214 /* Assets.xcassets in Resources */ = {isa = PBXBuildFile; fileRef = 2EE7B1591BB03902003C8214 /* Assets.xcassets */; };
		2EE7B15D1BB03902003C8214 /* LaunchScreen.storyboard in Resources */ = {isa = PBXBuildFile; fileRef = 2EE7B15B1BB03902003C8214 /* LaunchScreen.storyboard */; };
		2EE7B1681BB03902003C8214 /* __Stretchy_headersTests.swift in Sources */ = {isa = PBXBuildFile; fileRef = 2EE7B1671BB03902003C8214 /* __Stretchy_headersTests.swift */; };
		2EE7B1731BB03902003C8214 /* __Stretchy_headersUITests.swift in Sources */ = {isa = PBXBuildFile; fileRef = 2EE7B1721BB03902003C8214 /* __Stretchy_headersUITests.swift */; };
		2EE7B1811BB0498C003C8214 /* newsitem.swift in Sources */ = {isa = PBXBuildFile; fileRef = 2EE7B1801BB0498C003C8214 /* newsitem.swift */; };
		2EE7B1831BB04B1B003C8214 /* newsitemcell.swift in Sources */ = {isa = PBXBuildFile; fileRef = 2EE7B1821BB04B1B003C8214 /* newsitemcell.swift */; };
/* End PBXBuildFile section */

/* Begin PBXContainerItemProxy section */
		2EE7B1641BB03902003C8214 /* PBXContainerItemProxy */ = {
			isa = PBXContainerItemProxy;
			containerPortal = 2EE7B1471BB03902003C8214 /* Project object */;
			proxyType = 1;
			remoteGlobalIDString = 2EE7B14E1BB03902003C8214;
			remoteInfo = "1-Stretchy-headers";
		};
		2EE7B16F1BB03902003C8214 /* PBXContainerItemProxy */ = {
			isa = PBXContainerItemProxy;
			containerPortal = 2EE7B1471BB03902003C8214 /* Project object */;
			proxyType = 1;
			remoteGlobalIDString = 2EE7B14E1BB03902003C8214;
			remoteInfo = "1-Stretchy-headers";
		};
/* End PBXContainerItemProxy section */

/* Begin PBXFileReference section */
		2EE7B14F1BB03902003C8214 /* 1-Stretchy-headers.app */ = {isa = PBXFileReference; explicitFileType = wrapper.application; includeInIndex = 0; path = "1-Stretchy-headers.app"; sourceTree = BUILT_PRODUCTS_DIR; };
		2EE7B1521BB03902003C8214 /* AppDelegate.swift */ = {isa = PBXFileReference; lastKnownFileType = sourcecode.swift; path = AppDelegate.swift; sourceTree = "<group>"; };
		2EE7B1541BB03902003C8214 /* ViewController.swift */ = {isa = PBXFileReference; lastKnownFileType = sourcecode.swift; path = ViewController.swift; sourceTree = "<group>"; };
		2EE7B1571BB03902003C8214 /* Base */ = {isa = PBXFileReference; lastKnownFileType = file.storyboard; name = Base; path = Base.lproj/Main.storyboard; sourceTree = "<group>"; };
		2EE7B1591BB03902003C8214 /* Assets.xcassets */ = {isa = PBXFileReference; lastKnownFileType = folder.assetcatalog; path = Assets.xcassets; sourceTree = "<group>"; };
		2EE7B15C1BB03902003C8214 /* Base */ = {isa = PBXFileReference; lastKnownFileType = file.storyboard; name = Base; path = Base.lproj/LaunchScreen.storyboard; sourceTree = "<group>"; };
		2EE7B15E1BB03902003C8214 /* Info.plist */ = {isa = PBXFileReference; lastKnownFileType = text.plist.xml; path = Info.plist; sourceTree = "<group>"; };
		2EE7B1631BB03902003C8214 /* 1-Stretchy-headersTests.xctest */ = {isa = PBXFileReference; explicitFileType = wrapper.cfbundle; includeInIndex = 0; path = "1-Stretchy-headersTests.xctest"; sourceTree = BUILT_PRODUCTS_DIR; };
		2EE7B1671BB03902003C8214 /* __Stretchy_headersTests.swift */ = {isa = PBXFileReference; lastKnownFileType = sourcecode.swift; path = __Stretchy_headersTests.swift; sourceTree = "<group>"; };
		2EE7B1691BB03902003C8214 /* Info.plist */ = {isa = PBXFileReference; lastKnownFileType = text.plist.xml; path = Info.plist; sourceTree = "<group>"; };
		2EE7B16E1BB03902003C8214 /* 1-Stretchy-headersUITests.xctest */ = {isa = PBXFileReference; explicitFileType = wrapper.cfbundle; includeInIndex = 0; path = "1-Stretchy-headersUITests.xctest"; sourceTree = BUILT_PRODUCTS_DIR; };
		2EE7B1721BB03902003C8214 /* __Stretchy_headersUITests.swift */ = {isa = PBXFileReference; lastKnownFileType = sourcecode.swift; path = __Stretchy_headersUITests.swift; sourceTree = "<group>"; };
		2EE7B1741BB03902003C8214 /* Info.plist */ = {isa = PBXFileReference; lastKnownFileType = text.plist.xml; path = Info.plist; sourceTree = "<group>"; };
		2EE7B1801BB0498C003C8214 /* newsitem.swift */ = {isa = PBXFileReference; fileEncoding = 4; lastKnownFileType = sourcecode.swift; path = newsitem.swift; sourceTree = "<group>"; };
		2EE7B1821BB04B1B003C8214 /* newsitemcell.swift */ = {isa = PBXFileReference; fileEncoding = 4; lastKnownFileType = sourcecode.swift; path = newsitemcell.swift; sourceTree = "<group>"; };
/* End PBXFileReference section */

/* Begin PBXFrameworksBuildPhase section */
		2EE7B14C1BB03902003C8214 /* Frameworks */ = {
			isa = PBXFrameworksBuildPhase;
			buildActionMask = 2147483647;
			files = (
			);
			runOnlyForDeploymentPostprocessing = 0;
		};
		2EE7B1601BB03902003C8214 /* Frameworks */ = {
			isa = PBXFrameworksBuildPhase;
			buildActionMask = 2147483647;
			files = (
			);
			runOnlyForDeploymentPostprocessing = 0;
		};
		2EE7B16B1BB03902003C8214 /* Frameworks */ = {
			isa = PBXFrameworksBuildPhase;
			buildActionMask = 2147483647;
			files = (
			);
			runOnlyForDeploymentPostprocessing = 0;
		};
/* End PBXFrameworksBuildPhase section */

/* Begin PBXGroup section */
		2EE7B1461BB03902003C8214 = {
			isa = PBXGroup;
			children = (
				2EE7B1511BB03902003C8214 /* 1-Stretchy-headers */,
				2EE7B1661BB03902003C8214 /* 1-Stretchy-headersTests */,
				2EE7B1711BB03902003C8214 /* 1-Stretchy-headersUITests */,
				2EE7B1501BB03902003C8214 /* Products */,
			);
			sourceTree = "<group>";
		};
		2EE7B1501BB03902003C8214 /* Products */ = {
			isa = PBXGroup;
			children = (
				2EE7B14F1BB03902003C8214 /* 1-Stretchy-headers.app */,
				2EE7B1631BB03902003C8214 /* 1-Stretchy-headersTests.xctest */,
				2EE7B16E1BB03902003C8214 /* 1-Stretchy-headersUITests.xctest */,
			);
			name = Products;
			sourceTree = "<group>";
		};
		2EE7B1511BB03902003C8214 /* 1-Stretchy-headers */ = {
			isa = PBXGroup;
			children = (
				2EE7B1521BB03902003C8214 /* AppDelegate.swift */,
				2EE7B1541BB03902003C8214 /* ViewController.swift */,
				2EE7B1801BB0498C003C8214 /* newsitem.swift */,
				2EE7B1821BB04B1B003C8214 /* newsitemcell.swift */,
				2EE7B1561BB03902003C8214 /* Main.storyboard */,
				2EE7B1591BB03902003C8214 /* Assets.xcassets */,
				2EE7B15B1BB03902003C8214 /* LaunchScreen.storyboard */,
				2EE7B15E1BB03902003C8214 /* Info.plist */,
			);
			path = "1-Stretchy-headers";
			sourceTree = "<group>";
		};
		2EE7B1661BB03902003C8214 /* 1-Stretchy-headersTests */ = {
			isa = PBXGroup;
			children = (
				2EE7B1671BB03902003C8214 /* __Stretchy_headersTests.swift */,
				2EE7B1691BB03902003C8214 /* Info.plist */,
			);
			path = "1-Stretchy-headersTests";
			sourceTree = "<group>";
		};
		2EE7B1711BB03902003C8214 /* 1-Stretchy-headersUITests */ = {
			isa = PBXGroup;
			children = (
				2EE7B1721BB03902003C8214 /* __Stretchy_headersUITests.swift */,
				2EE7B1741BB03902003C8214 /* Info.plist */,
			);
			path = "1-Stretchy-headersUITests";
			sourceTree = "<group>";
		};
/* End PBXGroup section */

/* Begin PBXNativeTarget section */
		2EE7B14E1BB03902003C8214 /* 1-Stretchy-headers */ = {
			isa = PBXNativeTarget;
			buildConfigurationList = 2EE7B1771BB03902003C8214 /* Build configuration list for PBXNativeTarget "1-Stretchy-headers" */;
			buildPhases = (
				2EE7B14B1BB03902003C8214 /* Sources */,
				2EE7B14C1BB03902003C8214 /* Frameworks */,
				2EE7B14D1BB03902003C8214 /* Resources */,
			);
			buildRules = (
			);
			dependencies = (
			);
			name = "1-Stretchy-headers";
			productName = "1-Stretchy-headers";
			productReference = 2EE7B14F1BB03902003C8214 /* 1-Stretchy-headers.app */;
			productType = "com.apple.product-type.application";
		};
		2EE7B1621BB03902003C8214 /* 1-Stretchy-headersTests */ = {
			isa = PBXNativeTarget;
			buildConfigurationList = 2EE7B17A1BB03902003C8214 /* Build configuration list for PBXNativeTarget "1-Stretchy-headersTests" */;
			buildPhases = (
				2EE7B15F1BB03902003C8214 /* Sources */,
				2EE7B1601BB03902003C8214 /* Frameworks */,
				2EE7B1611BB03902003C8214 /* Resources */,
			);
			buildRules = (
			);
			dependencies = (
				2EE7B1651BB03902003C8214 /* PBXTargetDependency */,
			);
			name = "1-Stretchy-headersTests";
			productName = "1-Stretchy-headersTests";
			productReference = 2EE7B1631BB03902003C8214 /* 1-Stretchy-headersTests.xctest */;
			productType = "com.apple.product-type.bundle.unit-test";
		};
		2EE7B16D1BB03902003C8214 /* 1-Stretchy-headersUITests */ = {
			isa = PBXNativeTarget;
			buildConfigurationList = 2EE7B17D1BB03902003C8214 /* Build configuration list for PBXNativeTarget "1-Stretchy-headersUITests" */;
			buildPhases = (
				2EE7B16A1BB03902003C8214 /* Sources */,
				2EE7B16B1BB03902003C8214 /* Frameworks */,
				2EE7B16C1BB03902003C8214 /* Resources */,
			);
			buildRules = (
			);
			dependencies = (
				2EE7B1701BB03902003C8214 /* PBXTargetDependency */,
			);
			name = "1-Stretchy-headersUITests";
			productName = "1-Stretchy-headersUITests";
			productReference = 2EE7B16E1BB03902003C8214 /* 1-Stretchy-headersUITests.xctest */;
			productType = "com.apple.product-type.bundle.ui-testing";
		};
/* End PBXNativeTarget section */

/* Begin PBXProject section */
		2EE7B1471BB03902003C8214 /* Project object */ = {
			isa = PBXProject;
			attributes = {
				LastUpgradeCheck = 0700;
				ORGANIZATIONNAME = KingMartin;
				TargetAttributes = {
					2EE7B14E1BB03902003C8214 = {
						CreatedOnToolsVersion = 7.0;
						DevelopmentTeam = LK5TSF8WY2;
					};
					2EE7B1621BB03902003C8214 = {
						CreatedOnToolsVersion = 7.0;
						DevelopmentTeam = 8377DUVBBA;
						TestTargetID = 2EE7B14E1BB03902003C8214;
					};
					2EE7B16D1BB03902003C8214 = {
						CreatedOnToolsVersion = 7.0;
						DevelopmentTeam = 8377DUVBBA;
						TestTargetID = 2EE7B14E1BB03902003C8214;
					};
				};
			};
			buildConfigurationList = 2EE7B14A1BB03902003C8214 /* Build configuration list for PBXProject "1-Stretchy-headers" */;
			compatibilityVersion = "Xcode 3.2";
			developmentRegion = English;
			hasScannedForEncodings = 0;
			knownRegions = (
				en,
				Base,
			);
			mainGroup = 2EE7B1461BB03902003C8214;
			productRefGroup = 2EE7B1501BB03902003C8214 /* Products */;
			projectDirPath = "";
			projectRoot = "";
			targets = (
				2EE7B14E1BB03902003C8214 /* 1-Stretchy-headers */,
				2EE7B1621BB03902003C8214 /* 1-Stretchy-headersTests */,
				2EE7B16D1BB03902003C8214 /* 1-Stretchy-headersUITests */,
			);
		};
/* End PBXProject section */

/* Begin PBXResourcesBuildPhase section */
		2EE7B14D1BB03902003C8214 /* Resources */ = {
			isa = PBXResourcesBuildPhase;
			buildActionMask = 2147483647;
			files = (
				2EE7B15D1BB03902003C8214 /* LaunchScreen.storyboard in Resources */,
				2EE7B15A1BB03902003C8214 /* Assets.xcassets in Resources */,
				2EE7B1581BB03902003C8214 /* Main.storyboard in Resources */,
			);
			runOnlyForDeploymentPostprocessing = 0;
		};
		2EE7B1611BB03902003C8214 /* Resources */ = {
			isa = PBXResourcesBuildPhase;
			buildActionMask = 2147483647;
			files = (
			);
			runOnlyForDeploymentPostprocessing = 0;
		};
		2EE7B16C1BB03902003C8214 /* Resources */ = {
			isa = PBXResourcesBuildPhase;
			buildActionMask = 2147483647;
			files = (
			);
			runOnlyForDeploymentPostprocessing = 0;
		};
/* End PBXResourcesBuildPhase section */

/* Begin PBXSourcesBuildPhase section */
		2EE7B14B1BB03902003C8214 /* Sources */ = {
			isa = PBXSourcesBuildPhase;
			buildActionMask = 2147483647;
			files = (
				2EE7B1551BB03902003C8214 /* ViewController.swift in Sources */,
				2EE7B1831BB04B1B003C8214 /* newsitemcell.swift in Sources */,
				2EE7B1531BB03902003C8214 /* AppDelegate.swift in Sources */,
				2EE7B1811BB0498C003C8214 /* newsitem.swift in Sources */,
			);
			runOnlyForDeploymentPostprocessing = 0;
		};
		2EE7B15F1BB03902003C8214 /* Sources */ = {
			isa = PBXSourcesBuildPhase;
			buildActionMask = 2147483647;
			files = (
				2EE7B1681BB03902003C8214 /* __Stretchy_headersTests.swift in Sources */,
			);
			runOnlyForDeploymentPostprocessing = 0;
		};
		2EE7B16A1BB03902003C8214 /* Sources */ = {
			isa = PBXSourcesBuildPhase;
			buildActionMask = 2147483647;
			files = (
				2EE7B1731BB03902003C8214 /* __Stretchy_headersUITests.swift in Sources */,
			);
			runOnlyForDeploymentPostprocessing = 0;
		};
/* End PBXSourcesBuildPhase section */

/* Begin PBXTargetDependency section */
		2EE7B1651BB03902003C8214 /* PBXTargetDependency */ = {
			isa = PBXTargetDependency;
			target = 2EE7B14E1BB03902003C8214 /* 1-Stretchy-headers */;
			targetProxy = 2EE7B1641BB03902003C8214 /* PBXContainerItemProxy */;
		};
		2EE7B1701BB03902003C8214 /* PBXTargetDependency */ = {
			isa = PBXTargetDependency;
			target = 2EE7B14E1BB03902003C8214 /* 1-Stretchy-headers */;
			targetProxy = 2EE7B16F1BB03902003C8214 /* PBXContainerItemProxy */;
		};
/* End PBXTargetDependency section */

/* Begin PBXVariantGroup section */
		2EE7B1561BB03902003C8214 /* Main.storyboard */ = {
			isa = PBXVariantGroup;
			children = (
				2EE7B1571BB03902003C8214 /* Base */,
			);
			name = Main.storyboard;
			sourceTree = "<group>";
		};
		2EE7B15B1BB03902003C8214 /* LaunchScreen.storyboard */ = {
			isa = PBXVariantGroup;
			children = (
				2EE7B15C1BB03902003C8214 /* Base */,
			);
			name = LaunchScreen.storyboard;
			sourceTree = "<group>";
		};
/* End PBXVariantGroup section */

/* Begin XCBuildConfiguration section */
		2EE7B1751BB03902003C8214 /* Debug */ = {
			isa = XCBuildConfiguration;
			buildSettings = {
				ALWAYS_SEARCH_USER_PATHS = NO;
				CLANG_CXX_LANGUAGE_STANDARD = "gnu++0x";
				CLANG_CXX_LIBRARY = "libc++";
				CLANG_ENABLE_MODULES = YES;
				CLANG_ENABLE_OBJC_ARC = YES;
				CLANG_WARN_BOOL_CONVERSION = YES;
				CLANG_WARN_CONSTANT_CONVERSION = YES;
				CLANG_WARN_DIRECT_OBJC_ISA_USAGE = YES_ERROR;
				CLANG_WARN_EMPTY_BODY = YES;
				CLANG_WARN_ENUM_CONVERSION = YES;
				CLANG_WARN_INT_CONVERSION = YES;
				CLANG_WARN_OBJC_ROOT_CLASS = YES_ERROR;
				CLANG_WARN_UNREACHABLE_CODE = YES;
				CLANG_WARN__DUPLICATE_METHOD_MATCH = YES;
				"CODE_SIGN_IDENTITY[sdk=iphoneos*]" = "iPhone Developer";
				COPY_PHASE_STRIP = NO;
				DEBUG_INFORMATION_FORMAT = dwarf;
				ENABLE_STRICT_OBJC_MSGSEND = YES;
				ENABLE_TESTABILITY = YES;
				GCC_C_LANGUAGE_STANDARD = gnu99;
				GCC_DYNAMIC_NO_PIC = NO;
				GCC_NO_COMMON_BLOCKS = YES;
				GCC_OPTIMIZATION_LEVEL = 0;
				GCC_PREPROCESSOR_DEFINITIONS = (
					"DEBUG=1",
					"$(inherited)",
				);
				GCC_WARN_64_TO_32_BIT_CONVERSION = YES;
				GCC_WARN_ABOUT_RETURN_TYPE = YES_ERROR;
				GCC_WARN_UNDECLARED_SELECTOR = YES;
				GCC_WARN_UNINITIALIZED_AUTOS = YES_AGGRESSIVE;
				GCC_WARN_UNUSED_FUNCTION = YES;
				GCC_WARN_UNUSED_VARIABLE = YES;
				IPHONEOS_DEPLOYMENT_TARGET = 9.0;
				MTL_ENABLE_DEBUG_INFO = YES;
				ONLY_ACTIVE_ARCH = YES;
				SDKROOT = iphoneos;
				SWIFT_OPTIMIZATION_LEVEL = "-Onone";
			};
			name = Debug;
		};
		2EE7B1761BB03902003C8214 /* Release */ = {
			isa = XCBuildConfiguration;
			buildSettings = {
				ALWAYS_SEARCH_USER_PATHS = NO;
				CLANG_CXX_LANGUAGE_STANDARD = "gnu++0x";
				CLANG_CXX_LIBRARY = "libc++";
				CLANG_ENABLE_MODULES = YES;
				CLANG_ENABLE_OBJC_ARC = YES;
				CLANG_WARN_BOOL_CONVERSION = YES;
				CLANG_WARN_CONSTANT_CONVERSION = YES;
				CLANG_WARN_DIRECT_OBJC_ISA_USAGE = YES_ERROR;
				CLANG_WARN_EMPTY_BODY = YES;
				CLANG_WARN_ENUM_CONVERSION = YES;
				CLANG_WARN_INT_CONVERSION = YES;
				CLANG_WARN_OBJC_ROOT_CLASS = YES_ERROR;
				CLANG_WARN_UNREACHABLE_CODE = YES;
				CLANG_WARN__DUPLICATE_METHOD_MATCH = YES;
				"CODE_SIGN_IDENTITY[sdk=iphoneos*]" = "iPhone Developer";
				COPY_PHASE_STRIP = NO;
				DEBUG_INFORMATION_FORMAT = "dwarf-with-dsym";
				ENABLE_NS_ASSERTIONS = NO;
				ENABLE_STRICT_OBJC_MSGSEND = YES;
				GCC_C_LANGUAGE_STANDARD = gnu99;
				GCC_NO_COMMON_BLOCKS = YES;
				GCC_WARN_64_TO_32_BIT_CONVERSION = YES;
				GCC_WARN_ABOUT_RETURN_TYPE = YES_ERROR;
				GCC_WARN_UNDECLARED_SELECTOR = YES;
				GCC_WARN_UNINITIALIZED_AUTOS = YES_AGGRESSIVE;
				GCC_WARN_UNUSED_FUNCTION = YES;
				GCC_WARN_UNUSED_VARIABLE = YES;
				IPHONEOS_DEPLOYMENT_TARGET = 9.0;
				MTL_ENABLE_DEBUG_INFO = NO;
				SDKROOT = iphoneos;
				VALIDATE_PRODUCT = YES;
			};
			name = Release;
		};
		2EE7B1781BB03902003C8214 /* Debug */ = {
			isa = XCBuildConfiguration;
			buildSettings = {
				ASSETCATALOG_COMPILER_APPICON_NAME = AppIcon;
				CODE_SIGN_IDENTITY = "iPhone Developer: Yinyan Qiu (Z6CGVL437S)";
				INFOPLIST_FILE = "1-Stretchy-headers/Info.plist";
				LD_RUNPATH_SEARCH_PATHS = "$(inherited) @executable_path/Frameworks";
				PRODUCT_BUNDLE_IDENTIFIER = "com.MartinStudio.--Stretchy-headers";
				PRODUCT_NAME = "$(TARGET_NAME)";
				PROVISIONING_PROFILE = "";
			};
			name = Debug;
		};
		2EE7B1791BB03902003C8214 /* Release */ = {
			isa = XCBuildConfiguration;
			buildSettings = {
				ASSETCATALOG_COMPILER_APPICON_NAME = AppIcon;
				CODE_SIGN_IDENTITY = "iPhone Developer: Yinyan Qiu (Z6CGVL437S)";
				INFOPLIST_FILE = "1-Stretchy-headers/Info.plist";
				LD_RUNPATH_SEARCH_PATHS = "$(inherited) @executable_path/Frameworks";
				PRODUCT_BUNDLE_IDENTIFIER = "com.MartinStudio.--Stretchy-headers";
				PRODUCT_NAME = "$(TARGET_NAME)";
				PROVISIONING_PROFILE = "";
			};
			name = Release;
		};
		2EE7B17B1BB03902003C8214 /* Debug */ = {
			isa = XCBuildConfiguration;
			buildSettings = {
				BUNDLE_LOADER = "$(TEST_HOST)";
				INFOPLIST_FILE = "1-Stretchy-headersTests/Info.plist";
				LD_RUNPATH_SEARCH_PATHS = "$(inherited) @executable_path/Frameworks @loader_path/Frameworks";
				PRODUCT_BUNDLE_IDENTIFIER = "com.MartinStudio.--Stretchy-headersTests";
				PRODUCT_NAME = "$(TARGET_NAME)";
				TEST_HOST = "$(BUILT_PRODUCTS_DIR)/1-Stretchy-headers.app/1-Stretchy-headers";
			};
			name = Debug;
		};
		2EE7B17C1BB03902003C8214 /* Release */ = {
			isa = XCBuildConfiguration;
			buildSettings = {
				BUNDLE_LOADER = "$(TEST_HOST)";
				INFOPLIST_FILE = "1-Stretchy-headersTests/Info.plist";
				LD_RUNPATH_SEARCH_PATHS = "$(inherited) @executable_path/Frameworks @loader_path/Frameworks";
				PRODUCT_BUNDLE_IDENTIFIER = "com.MartinStudio.--Stretchy-headersTests";
				PRODUCT_NAME = "$(TARGET_NAME)";
				TEST_HOST = "$(BUILT_PRODUCTS_DIR)/1-Stretchy-headers.app/1-Stretchy-headers";
			};
			name = Release;
		};
		2EE7B17E1BB03902003C8214 /* Debug */ = {
			isa = XCBuildConfiguration;
			buildSettings = {
				INFOPLIST_FILE = "1-Stretchy-headersUITests/Info.plist";
				LD_RUNPATH_SEARCH_PATHS = "$(inherited) @executable_path/Frameworks @loader_path/Frameworks";
				PRODUCT_BUNDLE_IDENTIFIER = "com.MartinStudio.--Stretchy-headersUITests";
				PRODUCT_NAME = "$(TARGET_NAME)";
				TEST_TARGET_NAME = "1-Stretchy-headers";
				USES_XCTRUNNER = YES;
			};
			name = Debug;
		};
		2EE7B17F1BB03902003C8214 /* Release */ = {
			isa = XCBuildConfiguration;
			buildSettings = {
				INFOPLIST_FILE = "1-Stretchy-headersUITests/Info.plist";
				LD_RUNPATH_SEARCH_PATHS = "$(inherited) @executable_path/Frameworks @loader_path/Frameworks";
				PRODUCT_BUNDLE_IDENTIFIER = "com.MartinStudio.--Stretchy-headersUITests";
				PRODUCT_NAME = "$(TARGET_NAME)";
				TEST_TARGET_NAME = "1-Stretchy-headers";
				USES_XCTRUNNER = YES;
			};
			name = Release;
		};
/* End XCBuildConfiguration section */

/* Begin XCConfigurationList section */
		2EE7B14A1BB03902003C8214 /* Build configuration list for PBXProject "1-Stretchy-headers" */ = {
			isa = XCConfigurationList;
			buildConfigurations = (
				2EE7B1751BB03902003C8214 /* Debug */,
				2EE7B1761BB03902003C8214 /* Release */,
			);
			defaultConfigurationIsVisible = 0;
			defaultConfigurationName = Release;
		};
		2EE7B1771BB03902003C8214 /* Build configuration list for PBXNativeTarget "1-Stretchy-headers" */ = {
			isa = XCConfigurationList;
			buildConfigurations = (
				2EE7B1781BB03902003C8214 /* Debug */,
				2EE7B1791BB03902003C8214 /* Release */,
			);
			defaultConfigurationIsVisible = 0;
			defaultConfigurationName = Release;
		};
		2EE7B17A1BB03902003C8214 /* Build configuration list for PBXNativeTarget "1-Stretchy-headersTests" */ = {
			isa = XCConfigurationList;
			buildConfigurations = (
				2EE7B17B1BB03902003C8214 /* Debug */,
				2EE7B17C1BB03902003C8214 /* Release */,
			);
			defaultConfigurationIsVisible = 0;
			defaultConfigurationName = Release;
		};
		2EE7B17D1BB03902003C8214 /* Build configuration list for PBXNativeTarget "1-Stretchy-headersUITests" */ = {
			isa = XCConfigurationList;
			buildConfigurations = (
				2EE7B17E1BB03902003C8214 /* Debug */,
				2EE7B17F1BB03902003C8214 /* Release */,
			);
			defaultConfigurationIsVisible = 0;
			defaultConfigurationName = Release;
		};
/* End XCConfigurationList section */
	};
	rootObject = 2EE7B1471BB03902003C8214 /* Project object */;
}
