// !$*UTF8*$!
{
	archiveVersion = 1;
	classes = {
	};
	objectVersion = 46;
	objects = {

/* Begin PBXBuildFile section */
		2EEE03DF1BB69B2A009E9C8F /* AppDelegate.swift in Sources */ = {isa = PBXBuildFile; fileRef = 2EEE03DE1BB69B2A009E9C8F /* AppDelegate.swift */; };
		2EEE03E11BB69B2A009E9C8F /* ViewController.swift in Sources */ = {isa = PBXBuildFile; fileRef = 2EEE03E01BB69B2A009E9C8F /* ViewController.swift */; };
		2EEE03E41BB69B2A009E9C8F /* Main.storyboard in Resources */ = {isa = PBXBuildFile; fileRef = 2EEE03E21BB69B2A009E9C8F /* Main.storyboard */; };
		2EEE03F41BB69B2A009E9C8F /* Swift_DWC_1Tests.swift in Sources */ = {isa = PBXBuildFile; fileRef = 2EEE03F31BB69B2A009E9C8F /* Swift_DWC_1Tests.swift */; };
		2EEE03FF1BB69B2A009E9C8F /* Swift_DWC_1UITests.swift in Sources */ = {isa = PBXBuildFile; fileRef = 2EEE03FE1BB69B2A009E9C8F /* Swift_DWC_1UITests.swift */; };
		2EEE044D1BB69C1D009E9C8F /* LaunchScreen.storyboard in Resources */ = {isa = PBXBuildFile; fileRef = 2EEE044C1BB69C1D009E9C8F /* LaunchScreen.storyboard */; settings = {ASSET_TAGS = (); }; };
		2EEE044F1BB69C22009E9C8F /* Images.xcassets in Resources */ = {isa = PBXBuildFile; fileRef = 2EEE044E1BB69C22009E9C8F /* Images.xcassets */; settings = {ASSET_TAGS = (); }; };
/* End PBXBuildFile section */

/* Begin PBXContainerItemProxy section */
		2EEE03F01BB69B2A009E9C8F /* PBXContainerItemProxy */ = {
			isa = PBXContainerItemProxy;
			containerPortal = 2EEE03D31BB69B2A009E9C8F /* Project object */;
			proxyType = 1;
			remoteGlobalIDString = 2EEE03DA1BB69B2A009E9C8F;
			remoteInfo = "Swift DWC－1";
		};
		2EEE03FB1BB69B2A009E9C8F /* PBXContainerItemProxy */ = {
			isa = PBXContainerItemProxy;
			containerPortal = 2EEE03D31BB69B2A009E9C8F /* Project object */;
			proxyType = 1;
			remoteGlobalIDString = 2EEE03DA1BB69B2A009E9C8F;
			remoteInfo = "Swift DWC－1";
		};
/* End PBXContainerItemProxy section */

/* Begin PBXFileReference section */
		2EEE03DB1BB69B2A009E9C8F /* Swift DWC－1.app */ = {isa = PBXFileReference; explicitFileType = wrapper.application; includeInIndex = 0; path = "Swift DWC－1.app"; sourceTree = BUILT_PRODUCTS_DIR; };
		2EEE03DE1BB69B2A009E9C8F /* AppDelegate.swift */ = {isa = PBXFileReference; lastKnownFileType = sourcecode.swift; path = AppDelegate.swift; sourceTree = "<group>"; };
		2EEE03E01BB69B2A009E9C8F /* ViewController.swift */ = {isa = PBXFileReference; lastKnownFileType = sourcecode.swift; path = ViewController.swift; sourceTree = "<group>"; };
		2EEE03E31BB69B2A009E9C8F /* Base */ = {isa = PBXFileReference; lastKnownFileType = file.storyboard; name = Base; path = Base.lproj/Main.storyboard; sourceTree = "<group>"; };
		2EEE03EA1BB69B2A009E9C8F /* Info.plist */ = {isa = PBXFileReference; lastKnownFileType = text.plist.xml; path = Info.plist; sourceTree = "<group>"; };
		2EEE03EF1BB69B2A009E9C8F /* Swift DWC－1Tests.xctest */ = {isa = PBXFileReference; explicitFileType = wrapper.cfbundle; includeInIndex = 0; path = "Swift DWC－1Tests.xctest"; sourceTree = BUILT_PRODUCTS_DIR; };
		2EEE03F31BB69B2A009E9C8F /* Swift_DWC_1Tests.swift */ = {isa = PBXFileReference; lastKnownFileType = sourcecode.swift; path = Swift_DWC_1Tests.swift; sourceTree = "<group>"; };
		2EEE03F51BB69B2A009E9C8F /* Info.plist */ = {isa = PBXFileReference; lastKnownFileType = text.plist.xml; path = Info.plist; sourceTree = "<group>"; };
		2EEE03FA1BB69B2A009E9C8F /* Swift DWC－1UITests.xctest */ = {isa = PBXFileReference; explicitFileType = wrapper.cfbundle; includeInIndex = 0; path = "Swift DWC－1UITests.xctest"; sourceTree = BUILT_PRODUCTS_DIR; };
		2EEE03FE1BB69B2A009E9C8F /* Swift_DWC_1UITests.swift */ = {isa = PBXFileReference; lastKnownFileType = sourcecode.swift; path = Swift_DWC_1UITests.swift; sourceTree = "<group>"; };
		2EEE04001BB69B2A009E9C8F /* Info.plist */ = {isa = PBXFileReference; lastKnownFileType = text.plist.xml; path = Info.plist; sourceTree = "<group>"; };
		2EEE044C1BB69C1D009E9C8F /* LaunchScreen.storyboard */ = {isa = PBXFileReference; fileEncoding = 4; lastKnownFileType = file.storyboard; path = LaunchScreen.storyboard; sourceTree = "<group>"; };
		2EEE044E1BB69C22009E9C8F /* Images.xcassets */ = {isa = PBXFileReference; lastKnownFileType = folder.assetcatalog; path = Images.xcassets; sourceTree = "<group>"; };
/* End PBXFileReference section */

/* Begin PBXFrameworksBuildPhase section */
		2EEE03D81BB69B2A009E9C8F /* Frameworks */ = {
			isa = PBXFrameworksBuildPhase;
			buildActionMask = 2147483647;
			files = (
			);
			runOnlyForDeploymentPostprocessing = 0;
		};
		2EEE03EC1BB69B2A009E9C8F /* Frameworks */ = {
			isa = PBXFrameworksBuildPhase;
			buildActionMask = 2147483647;
			files = (
			);
			runOnlyForDeploymentPostprocessing = 0;
		};
		2EEE03F71BB69B2A009E9C8F /* Frameworks */ = {
			isa = PBXFrameworksBuildPhase;
			buildActionMask = 2147483647;
			files = (
			);
			runOnlyForDeploymentPostprocessing = 0;
		};
/* End PBXFrameworksBuildPhase section */

/* Begin PBXGroup section */
		2EEE03D21BB69B2A009E9C8F = {
			isa = PBXGroup;
			children = (
				2EEE03DD1BB69B2A009E9C8F /* Swift DWC－1 */,
				2EEE03F21BB69B2A009E9C8F /* Swift DWC－1Tests */,
				2EEE03FD1BB69B2A009E9C8F /* Swift DWC－1UITests */,
				2EEE03DC1BB69B2A009E9C8F /* Products */,
			);
			sourceTree = "<group>";
		};
		2EEE03DC1BB69B2A009E9C8F /* Products */ = {
			isa = PBXGroup;
			children = (
				2EEE03DB1BB69B2A009E9C8F /* Swift DWC－1.app */,
				2EEE03EF1BB69B2A009E9C8F /* Swift DWC－1Tests.xctest */,
				2EEE03FA1BB69B2A009E9C8F /* Swift DWC－1UITests.xctest */,
			);
			name = Products;
			sourceTree = "<group>";
		};
		2EEE03DD1BB69B2A009E9C8F /* Swift DWC－1 */ = {
			isa = PBXGroup;
			children = (
				2EEE03DE1BB69B2A009E9C8F /* AppDelegate.swift */,
				2EEE03E01BB69B2A009E9C8F /* ViewController.swift */,
				2EEE03E21BB69B2A009E9C8F /* Main.storyboard */,
				2EEE03EA1BB69B2A009E9C8F /* Info.plist */,
				2EEE044C1BB69C1D009E9C8F /* LaunchScreen.storyboard */,
				2EEE044E1BB69C22009E9C8F /* Images.xcassets */,
			);
			path = "Swift DWC－1";
			sourceTree = "<group>";
		};
		2EEE03F21BB69B2A009E9C8F /* Swift DWC－1Tests */ = {
			isa = PBXGroup;
			children = (
				2EEE03F31BB69B2A009E9C8F /* Swift_DWC_1Tests.swift */,
				2EEE03F51BB69B2A009E9C8F /* Info.plist */,
			);
			path = "Swift DWC－1Tests";
			sourceTree = "<group>";
		};
		2EEE03FD1BB69B2A009E9C8F /* Swift DWC－1UITests */ = {
			isa = PBXGroup;
			children = (
				2EEE03FE1BB69B2A009E9C8F /* Swift_DWC_1UITests.swift */,
				2EEE04001BB69B2A009E9C8F /* Info.plist */,
			);
			path = "Swift DWC－1UITests";
			sourceTree = "<group>";
		};
/* End PBXGroup section */

/* Begin PBXNativeTarget section */
		2EEE03DA1BB69B2A009E9C8F /* Swift DWC－1 */ = {
			isa = PBXNativeTarget;
			buildConfigurationList = 2EEE04031BB69B2A009E9C8F /* Build configuration list for PBXNativeTarget "Swift DWC－1" */;
			buildPhases = (
				2EEE03D71BB69B2A009E9C8F /* Sources */,
				2EEE03D81BB69B2A009E9C8F /* Frameworks */,
				2EEE03D91BB69B2A009E9C8F /* Resources */,
			);
			buildRules = (
			);
			dependencies = (
			);
			name = "Swift DWC－1";
			productName = "Swift DWC－1";
			productReference = 2EEE03DB1BB69B2A009E9C8F /* Swift DWC－1.app */;
			productType = "com.apple.product-type.application";
		};
		2EEE03EE1BB69B2A009E9C8F /* Swift DWC－1Tests */ = {
			isa = PBXNativeTarget;
			buildConfigurationList = 2EEE04061BB69B2A009E9C8F /* Build configuration list for PBXNativeTarget "Swift DWC－1Tests" */;
			buildPhases = (
				2EEE03EB1BB69B2A009E9C8F /* Sources */,
				2EEE03EC1BB69B2A009E9C8F /* Frameworks */,
				2EEE03ED1BB69B2A009E9C8F /* Resources */,
			);
			buildRules = (
			);
			dependencies = (
				2EEE03F11BB69B2A009E9C8F /* PBXTargetDependency */,
			);
			name = "Swift DWC－1Tests";
			productName = "Swift DWC－1Tests";
			productReference = 2EEE03EF1BB69B2A009E9C8F /* Swift DWC－1Tests.xctest */;
			productType = "com.apple.product-type.bundle.unit-test";
		};
		2EEE03F91BB69B2A009E9C8F /* Swift DWC－1UITests */ = {
			isa = PBXNativeTarget;
			buildConfigurationList = 2EEE04091BB69B2A009E9C8F /* Build configuration list for PBXNativeTarget "Swift DWC－1UITests" */;
			buildPhases = (
				2EEE03F61BB69B2A009E9C8F /* Sources */,
				2EEE03F71BB69B2A009E9C8F /* Frameworks */,
				2EEE03F81BB69B2A009E9C8F /* Resources */,
			);
			buildRules = (
			);
			dependencies = (
				2EEE03FC1BB69B2A009E9C8F /* PBXTargetDependency */,
			);
			name = "Swift DWC－1UITests";
			productName = "Swift DWC－1UITests";
			productReference = 2EEE03FA1BB69B2A009E9C8F /* Swift DWC－1UITests.xctest */;
			productType = "com.apple.product-type.bundle.ui-testing";
		};
/* End PBXNativeTarget section */

/* Begin PBXProject section */
		2EEE03D31BB69B2A009E9C8F /* Project object */ = {
			isa = PBXProject;
			attributes = {
				LastUpgradeCheck = 0700;
				ORGANIZATIONNAME = KingMartin;
				TargetAttributes = {
					2EEE03DA1BB69B2A009E9C8F = {
						CreatedOnToolsVersion = 7.0;
						DevelopmentTeam = 8377DUVBBA;
					};
					2EEE03EE1BB69B2A009E9C8F = {
						CreatedOnToolsVersion = 7.0;
						DevelopmentTeam = 8377DUVBBA;
						TestTargetID = 2EEE03DA1BB69B2A009E9C8F;
					};
					2EEE03F91BB69B2A009E9C8F = {
						CreatedOnToolsVersion = 7.0;
						DevelopmentTeam = 8377DUVBBA;
						TestTargetID = 2EEE03DA1BB69B2A009E9C8F;
					};
				};
			};
			buildConfigurationList = 2EEE03D61BB69B2A009E9C8F /* Build configuration list for PBXProject "Swift DWC－1" */;
			compatibilityVersion = "Xcode 3.2";
			developmentRegion = English;
			hasScannedForEncodings = 0;
			knownRegions = (
				en,
				Base,
			);
			mainGroup = 2EEE03D21BB69B2A009E9C8F;
			productRefGroup = 2EEE03DC1BB69B2A009E9C8F /* Products */;
			projectDirPath = "";
			projectRoot = "";
			targets = (
				2EEE03DA1BB69B2A009E9C8F /* Swift DWC－1 */,
				2EEE03EE1BB69B2A009E9C8F /* Swift DWC－1Tests */,
				2EEE03F91BB69B2A009E9C8F /* Swift DWC－1UITests */,
			);
		};
/* End PBXProject section */

/* Begin PBXResourcesBuildPhase section */
		2EEE03D91BB69B2A009E9C8F /* Resources */ = {
			isa = PBXResourcesBuildPhase;
			buildActionMask = 2147483647;
			files = (
				2EEE044F1BB69C22009E9C8F /* Images.xcassets in Resources */,
				2EEE044D1BB69C1D009E9C8F /* LaunchScreen.storyboard in Resources */,
				2EEE03E41BB69B2A009E9C8F /* Main.storyboard in Resources */,
			);
			runOnlyForDeploymentPostprocessing = 0;
		};
		2EEE03ED1BB69B2A009E9C8F /* Resources */ = {
			isa = PBXResourcesBuildPhase;
			buildActionMask = 2147483647;
			files = (
			);
			runOnlyForDeploymentPostprocessing = 0;
		};
		2EEE03F81BB69B2A009E9C8F /* Resources */ = {
			isa = PBXResourcesBuildPhase;
			buildActionMask = 2147483647;
			files = (
			);
			runOnlyForDeploymentPostprocessing = 0;
		};
/* End PBXResourcesBuildPhase section */

/* Begin PBXSourcesBuildPhase section */
		2EEE03D71BB69B2A009E9C8F /* Sources */ = {
			isa = PBXSourcesBuildPhase;
			buildActionMask = 2147483647;
			files = (
				2EEE03E11BB69B2A009E9C8F /* ViewController.swift in Sources */,
				2EEE03DF1BB69B2A009E9C8F /* AppDelegate.swift in Sources */,
			);
			runOnlyForDeploymentPostprocessing = 0;
		};
		2EEE03EB1BB69B2A009E9C8F /* Sources */ = {
			isa = PBXSourcesBuildPhase;
			buildActionMask = 2147483647;
			files = (
				2EEE03F41BB69B2A009E9C8F /* Swift_DWC_1Tests.swift in Sources */,
			);
			runOnlyForDeploymentPostprocessing = 0;
		};
		2EEE03F61BB69B2A009E9C8F /* Sources */ = {
			isa = PBXSourcesBuildPhase;
			buildActionMask = 2147483647;
			files = (
				2EEE03FF1BB69B2A009E9C8F /* Swift_DWC_1UITests.swift in Sources */,
			);
			runOnlyForDeploymentPostprocessing = 0;
		};
/* End PBXSourcesBuildPhase section */

/* Begin PBXTargetDependency section */
		2EEE03F11BB69B2A009E9C8F /* PBXTargetDependency */ = {
			isa = PBXTargetDependency;
			target = 2EEE03DA1BB69B2A009E9C8F /* Swift DWC－1 */;
			targetProxy = 2EEE03F01BB69B2A009E9C8F /* PBXContainerItemProxy */;
		};
		2EEE03FC1BB69B2A009E9C8F /* PBXTargetDependency */ = {
			isa = PBXTargetDependency;
			target = 2EEE03DA1BB69B2A009E9C8F /* Swift DWC－1 */;
			targetProxy = 2EEE03FB1BB69B2A009E9C8F /* PBXContainerItemProxy */;
		};
/* End PBXTargetDependency section */

/* Begin PBXVariantGroup section */
		2EEE03E21BB69B2A009E9C8F /* Main.storyboard */ = {
			isa = PBXVariantGroup;
			children = (
				2EEE03E31BB69B2A009E9C8F /* Base */,
			);
			name = Main.storyboard;
			sourceTree = "<group>";
		};
/* End PBXVariantGroup section */

/* Begin XCBuildConfiguration section */
		2EEE04011BB69B2A009E9C8F /* Debug */ = {
			isa = XCBuildConfiguration;
			buildSettings = {
				ALWAYS_SEARCH_USER_PATHS = NO;
				CLANG_CXX_LANGUAGE_STANDARD = "gnu++0x";
				CLANG_CXX_LIBRARY = "libc++";
				CLANG_ENABLE_MODULES = YES;
				CLANG_ENABLE_OBJC_ARC = YES;
				CLANG_WARN_BOOL_CONVERSION = YES;
				CLANG_WARN_CONSTANT_CONVERSION = YES;
				CLANG_WARN_DIRECT_OBJC_ISA_USAGE = YES_ERROR;
				CLANG_WARN_EMPTY_BODY = YES;
				CLANG_WARN_ENUM_CONVERSION = YES;
				CLANG_WARN_INT_CONVERSION = YES;
				CLANG_WARN_OBJC_ROOT_CLASS = YES_ERROR;
				CLANG_WARN_UNREACHABLE_CODE = YES;
				CLANG_WARN__DUPLICATE_METHOD_MATCH = YES;
				"CODE_SIGN_IDENTITY[sdk=iphoneos*]" = "iPhone Developer";
				COPY_PHASE_STRIP = NO;
				DEBUG_INFORMATION_FORMAT = dwarf;
				ENABLE_STRICT_OBJC_MSGSEND = YES;
				ENABLE_TESTABILITY = YES;
				GCC_C_LANGUAGE_STANDARD = gnu99;
				GCC_DYNAMIC_NO_PIC = NO;
				GCC_NO_COMMON_BLOCKS = YES;
				GCC_OPTIMIZATION_LEVEL = 0;
				GCC_PREPROCESSOR_DEFINITIONS = (
					"DEBUG=1",
					"$(inherited)",
				);
				GCC_WARN_64_TO_32_BIT_CONVERSION = YES;
				GCC_WARN_ABOUT_RETURN_TYPE = YES_ERROR;
				GCC_WARN_UNDECLARED_SELECTOR = YES;
				GCC_WARN_UNINITIALIZED_AUTOS = YES_AGGRESSIVE;
				GCC_WARN_UNUSED_FUNCTION = YES;
				GCC_WARN_UNUSED_VARIABLE = YES;
				IPHONEOS_DEPLOYMENT_TARGET = 9.0;
				MTL_ENABLE_DEBUG_INFO = YES;
				ONLY_ACTIVE_ARCH = YES;
				SDKROOT = iphoneos;
				SWIFT_OPTIMIZATION_LEVEL = "-Onone";
			};
			name = Debug;
		};
		2EEE04021BB69B2A009E9C8F /* Release */ = {
			isa = XCBuildConfiguration;
			buildSettings = {
				ALWAYS_SEARCH_USER_PATHS = NO;
				CLANG_CXX_LANGUAGE_STANDARD = "gnu++0x";
				CLANG_CXX_LIBRARY = "libc++";
				CLANG_ENABLE_MODULES = YES;
				CLANG_ENABLE_OBJC_ARC = YES;
				CLANG_WARN_BOOL_CONVERSION = YES;
				CLANG_WARN_CONSTANT_CONVERSION = YES;
				CLANG_WARN_DIRECT_OBJC_ISA_USAGE = YES_ERROR;
				CLANG_WARN_EMPTY_BODY = YES;
				CLANG_WARN_ENUM_CONVERSION = YES;
				CLANG_WARN_INT_CONVERSION = YES;
				CLANG_WARN_OBJC_ROOT_CLASS = YES_ERROR;
				CLANG_WARN_UNREACHABLE_CODE = YES;
				CLANG_WARN__DUPLICATE_METHOD_MATCH = YES;
				"CODE_SIGN_IDENTITY[sdk=iphoneos*]" = "iPhone Developer";
				COPY_PHASE_STRIP = NO;
				DEBUG_INFORMATION_FORMAT = "dwarf-with-dsym";
				ENABLE_NS_ASSERTIONS = NO;
				ENABLE_STRICT_OBJC_MSGSEND = YES;
				GCC_C_LANGUAGE_STANDARD = gnu99;
				GCC_NO_COMMON_BLOCKS = YES;
				GCC_WARN_64_TO_32_BIT_CONVERSION = YES;
				GCC_WARN_ABOUT_RETURN_TYPE = YES_ERROR;
				GCC_WARN_UNDECLARED_SELECTOR = YES;
				GCC_WARN_UNINITIALIZED_AUTOS = YES_AGGRESSIVE;
				GCC_WARN_UNUSED_FUNCTION = YES;
				GCC_WARN_UNUSED_VARIABLE = YES;
				IPHONEOS_DEPLOYMENT_TARGET = 9.0;
				MTL_ENABLE_DEBUG_INFO = NO;
				SDKROOT = iphoneos;
				VALIDATE_PRODUCT = YES;
			};
			name = Release;
		};
		2EEE04041BB69B2A009E9C8F /* Debug */ = {
			isa = XCBuildConfiguration;
			buildSettings = {
				INFOPLIST_FILE = "Swift DWC－1/Info.plist";
				LD_RUNPATH_SEARCH_PATHS = "$(inherited) @executable_path/Frameworks";
				PRODUCT_BUNDLE_IDENTIFIER = "com.MartinStudio.Swift-DWC-1";
				PRODUCT_NAME = "$(TARGET_NAME)";
			};
			name = Debug;
		};
		2EEE04051BB69B2A009E9C8F /* Release */ = {
			isa = XCBuildConfiguration;
			buildSettings = {
				INFOPLIST_FILE = "Swift DWC－1/Info.plist";
				LD_RUNPATH_SEARCH_PATHS = "$(inherited) @executable_path/Frameworks";
				PRODUCT_BUNDLE_IDENTIFIER = "com.MartinStudio.Swift-DWC-1";
				PRODUCT_NAME = "$(TARGET_NAME)";
			};
			name = Release;
		};
		2EEE04071BB69B2A009E9C8F /* Debug */ = {
			isa = XCBuildConfiguration;
			buildSettings = {
				BUNDLE_LOADER = "$(TEST_HOST)";
				INFOPLIST_FILE = "Swift DWC－1Tests/Info.plist";
				LD_RUNPATH_SEARCH_PATHS = "$(inherited) @executable_path/Frameworks @loader_path/Frameworks";
				PRODUCT_BUNDLE_IDENTIFIER = "com.MartinStudio.Swift-DWC-1Tests";
				PRODUCT_NAME = "$(TARGET_NAME)";
				TEST_HOST = "$(BUILT_PRODUCTS_DIR)/Swift DWC－1.app/Swift DWC－1";
			};
			name = Debug;
		};
		2EEE04081BB69B2A009E9C8F /* Release */ = {
			isa = XCBuildConfiguration;
			buildSettings = {
				BUNDLE_LOADER = "$(TEST_HOST)";
				INFOPLIST_FILE = "Swift DWC－1Tests/Info.plist";
				LD_RUNPATH_SEARCH_PATHS = "$(inherited) @executable_path/Frameworks @loader_path/Frameworks";
				PRODUCT_BUNDLE_IDENTIFIER = "com.MartinStudio.Swift-DWC-1Tests";
				PRODUCT_NAME = "$(TARGET_NAME)";
				TEST_HOST = "$(BUILT_PRODUCTS_DIR)/Swift DWC－1.app/Swift DWC－1";
			};
			name = Release;
		};
		2EEE040A1BB69B2A009E9C8F /* Debug */ = {
			isa = XCBuildConfiguration;
			buildSettings = {
				INFOPLIST_FILE = "Swift DWC－1UITests/Info.plist";
				LD_RUNPATH_SEARCH_PATHS = "$(inherited) @executable_path/Frameworks @loader_path/Frameworks";
				PRODUCT_BUNDLE_IDENTIFIER = "com.MartinStudio.Swift-DWC-1UITests";
				PRODUCT_NAME = "$(TARGET_NAME)";
				TEST_TARGET_NAME = "Swift DWC－1";
				USES_XCTRUNNER = YES;
			};
			name = Debug;
		};
		2EEE040B1BB69B2A009E9C8F /* Release */ = {
			isa = XCBuildConfiguration;
			buildSettings = {
				INFOPLIST_FILE = "Swift DWC－1UITests/Info.plist";
				LD_RUNPATH_SEARCH_PATHS = "$(inherited) @executable_path/Frameworks @loader_path/Frameworks";
				PRODUCT_BUNDLE_IDENTIFIER = "com.MartinStudio.Swift-DWC-1UITests";
				PRODUCT_NAME = "$(TARGET_NAME)";
				TEST_TARGET_NAME = "Swift DWC－1";
				USES_XCTRUNNER = YES;
			};
			name = Release;
		};
/* End XCBuildConfiguration section */

/* Begin XCConfigurationList section */
		2EEE03D61BB69B2A009E9C8F /* Build configuration list for PBXProject "Swift DWC－1" */ = {
			isa = XCConfigurationList;
			buildConfigurations = (
				2EEE04011BB69B2A009E9C8F /* Debug */,
				2EEE04021BB69B2A009E9C8F /* Release */,
			);
			defaultConfigurationIsVisible = 0;
			defaultConfigurationName = Release;
		};
		2EEE04031BB69B2A009E9C8F /* Build configuration list for PBXNativeTarget "Swift DWC－1" */ = {
			isa = XCConfigurationList;
			buildConfigurations = (
				2EEE04041BB69B2A009E9C8F /* Debug */,
				2EEE04051BB69B2A009E9C8F /* Release */,
			);
			defaultConfigurationIsVisible = 0;
			defaultConfigurationName = Release;
		};
		2EEE04061BB69B2A009E9C8F /* Build configuration list for PBXNativeTarget "Swift DWC－1Tests" */ = {
			isa = XCConfigurationList;
			buildConfigurations = (
				2EEE04071BB69B2A009E9C8F /* Debug */,
				2EEE04081BB69B2A009E9C8F /* Release */,
			);
			defaultConfigurationIsVisible = 0;
			defaultConfigurationName = Release;
		};
		2EEE04091BB69B2A009E9C8F /* Build configuration list for PBXNativeTarget "Swift DWC－1UITests" */ = {
			isa = XCConfigurationList;
			buildConfigurations = (
				2EEE040A1BB69B2A009E9C8F /* Debug */,
				2EEE040B1BB69B2A009E9C8F /* Release */,
			);
			defaultConfigurationIsVisible = 0;
			defaultConfigurationName = Release;
		};
/* End XCConfigurationList section */
	};
	rootObject = 2EEE03D31BB69B2A009E9C8F /* Project object */;
}
